// !$*UTF8*$!
{
	archiveVersion = 1;
	classes = {
	};
	objectVersion = 46;
	objects = {

/* Begin PBXBuildFile section */
		109BC2D819140F5C003097AA /* ic_phone.png in Resources */ = {isa = PBXBuildFile; fileRef = 109BC2D419140F5C003097AA /* ic_phone.png */; };
		109BC2D919140F5C003097AA /* cellstylebg.png in Resources */ = {isa = PBXBuildFile; fileRef = 109BC2D519140F5C003097AA /* cellstylebg.png */; };
		109BC2DA19140F5C003097AA /* ic_heart.png in Resources */ = {isa = PBXBuildFile; fileRef = 109BC2D619140F5C003097AA /* ic_heart.png */; };
		109BC2DB19140F5C003097AA /* ic_search.png in Resources */ = {isa = PBXBuildFile; fileRef = 109BC2D719140F5C003097AA /* ic_search.png */; };
		17DE8611FF5748B3B91DAC7D /* libPods.a in Frameworks */ = {isa = PBXBuildFile; fileRef = 9587A17E0DBF40A391D28720 /* libPods.a */; };
		97B13EDF1911403300ACC622 /* HMSModelHelper.m in Sources */ = {isa = PBXBuildFile; fileRef = 97B13EDE1911403300ACC622 /* HMSModelHelper.m */; };
		EE0341E118DC595F00EA4F4D /* HMSHelperIndexedList.m in Sources */ = {isa = PBXBuildFile; fileRef = EE0341E018DC595F00EA4F4D /* HMSHelperIndexedList.m */; };
		EE0341EA18DC68E400EA4F4D /* QuartzCore.framework in Frameworks */ = {isa = PBXBuildFile; fileRef = EE0341E918DC68E400EA4F4D /* QuartzCore.framework */; };
		EE2817A3190CCAC7000AA99A /* HMSMathHelper.m in Sources */ = {isa = PBXBuildFile; fileRef = EE2817A2190CCAC7000AA99A /* HMSMathHelper.m */; };
		EE6D4A3B1903AF27005B8EBE /* CoreLocation.framework in Frameworks */ = {isa = PBXBuildFile; fileRef = EE6D4A3A1903AF27005B8EBE /* CoreLocation.framework */; };
		EE6D4A3D1903AF31005B8EBE /* MapKit.framework in Frameworks */ = {isa = PBXBuildFile; fileRef = EE6D4A3C1903AF31005B8EBE /* MapKit.framework */; };
		EE6D4A481903C770005B8EBE /* JPSThumbnailAnnotation.m in Sources */ = {isa = PBXBuildFile; fileRef = EE6D4A441903C770005B8EBE /* JPSThumbnailAnnotation.m */; };
		EE6D4A491903C770005B8EBE /* JPSThumbnailAnnotationView.m in Sources */ = {isa = PBXBuildFile; fileRef = EE6D4A461903C770005B8EBE /* JPSThumbnailAnnotationView.m */; };
		EE6D4A4A1903C770005B8EBE /* JPSThumnail.m in Sources */ = {isa = PBXBuildFile; fileRef = EE6D4A471903C770005B8EBE /* JPSThumnail.m */; };
		EE6D4A5219042495005B8EBE /* MDRadialProgressLabel.m in Sources */ = {isa = PBXBuildFile; fileRef = EE6D4A4D19042495005B8EBE /* MDRadialProgressLabel.m */; };
		EE6D4A5319042495005B8EBE /* MDRadialProgressTheme.m in Sources */ = {isa = PBXBuildFile; fileRef = EE6D4A4F19042495005B8EBE /* MDRadialProgressTheme.m */; };
		EE6D4A5419042495005B8EBE /* MDRadialProgressView.m in Sources */ = {isa = PBXBuildFile; fileRef = EE6D4A5119042495005B8EBE /* MDRadialProgressView.m */; };
		EE6D78C018EFD919006AC569 /* HMSHotel.m in Sources */ = {isa = PBXBuildFile; fileRef = EE6D78BD18EFD919006AC569 /* HMSHotel.m */; };
		EE6D78C118EFD919006AC569 /* HMSRoom.m in Sources */ = {isa = PBXBuildFile; fileRef = EE6D78BF18EFD919006AC569 /* HMSRoom.m */; };
		EE6D78C618EFD929006AC569 /* JASidePanelController.m in Sources */ = {isa = PBXBuildFile; fileRef = EE6D78C318EFD929006AC569 /* JASidePanelController.m */; };
		EE6D78C718EFD929006AC569 /* UIViewController+JASidePanel.m in Sources */ = {isa = PBXBuildFile; fileRef = EE6D78C518EFD929006AC569 /* UIViewController+JASidePanel.m */; };
		EE6D78DA18EFD9E1006AC569 /* HMSMasterViewController.m in Sources */ = {isa = PBXBuildFile; fileRef = EE6D78C918EFD9E1006AC569 /* HMSMasterViewController.m */; };
		EE6D78DB18EFD9E1006AC569 /* HMSDetailViewController.m in Sources */ = {isa = PBXBuildFile; fileRef = EE6D78CB18EFD9E1006AC569 /* HMSDetailViewController.m */; };
		EE6D78DC18EFD9E1006AC569 /* HMSHotelViewController.m in Sources */ = {isa = PBXBuildFile; fileRef = EE6D78CD18EFD9E1006AC569 /* HMSHotelViewController.m */; };
		EE6D78DD18EFD9E1006AC569 /* HMSSidePanelController.m in Sources */ = {isa = PBXBuildFile; fileRef = EE6D78CF18EFD9E1006AC569 /* HMSSidePanelController.m */; };
		EE6D78DE18EFD9E1006AC569 /* HMSMenuPanelTableViewController.m in Sources */ = {isa = PBXBuildFile; fileRef = EE6D78D118EFD9E1006AC569 /* HMSMenuPanelTableViewController.m */; };
		EE6D78DF18EFD9E1006AC569 /* HMSShakerViewController.m in Sources */ = {isa = PBXBuildFile; fileRef = EE6D78D318EFD9E1006AC569 /* HMSShakerViewController.m */; };
		EE6D78E018EFD9E1006AC569 /* HMSFavouriteTableViewController.m in Sources */ = {isa = PBXBuildFile; fileRef = EE6D78D518EFD9E1006AC569 /* HMSFavouriteTableViewController.m */; };
		EE6D78E218EFD9E1006AC569 /* HMSTabBarController.m in Sources */ = {isa = PBXBuildFile; fileRef = EE6D78D918EFD9E1006AC569 /* HMSTabBarController.m */; };
		EE6DA3F218D9907300970A22 /* Foundation.framework in Frameworks */ = {isa = PBXBuildFile; fileRef = EE6DA3F118D9907300970A22 /* Foundation.framework */; };
		EE6DA3F418D9907300970A22 /* CoreGraphics.framework in Frameworks */ = {isa = PBXBuildFile; fileRef = EE6DA3F318D9907300970A22 /* CoreGraphics.framework */; };
		EE6DA3F618D9907300970A22 /* UIKit.framework in Frameworks */ = {isa = PBXBuildFile; fileRef = EE6DA3F518D9907300970A22 /* UIKit.framework */; };
		EE6DA3FC18D9907300970A22 /* InfoPlist.strings in Resources */ = {isa = PBXBuildFile; fileRef = EE6DA3FA18D9907300970A22 /* InfoPlist.strings */; };
		EE6DA3FE18D9907300970A22 /* main.m in Sources */ = {isa = PBXBuildFile; fileRef = EE6DA3FD18D9907300970A22 /* main.m */; };
		EE6DA40218D9907300970A22 /* HMSAppDelegate.m in Sources */ = {isa = PBXBuildFile; fileRef = EE6DA40118D9907300970A22 /* HMSAppDelegate.m */; };
		EE6DA40518D9907300970A22 /* Main.storyboard in Resources */ = {isa = PBXBuildFile; fileRef = EE6DA40318D9907300970A22 /* Main.storyboard */; };
		EE6DA40D18D9907300970A22 /* Images.xcassets in Resources */ = {isa = PBXBuildFile; fileRef = EE6DA40C18D9907300970A22 /* Images.xcassets */; };
		EE6DA41418D9907300970A22 /* XCTest.framework in Frameworks */ = {isa = PBXBuildFile; fileRef = EE6DA41318D9907300970A22 /* XCTest.framework */; };
		EE6DA41518D9907300970A22 /* Foundation.framework in Frameworks */ = {isa = PBXBuildFile; fileRef = EE6DA3F118D9907300970A22 /* Foundation.framework */; };
		EE6DA41618D9907300970A22 /* UIKit.framework in Frameworks */ = {isa = PBXBuildFile; fileRef = EE6DA3F518D9907300970A22 /* UIKit.framework */; };
		EE6DA41E18D9907300970A22 /* InfoPlist.strings in Resources */ = {isa = PBXBuildFile; fileRef = EE6DA41C18D9907300970A22 /* InfoPlist.strings */; };
		EE6DA42018D9907300970A22 /* HMSTests.m in Sources */ = {isa = PBXBuildFile; fileRef = EE6DA41F18D9907300970A22 /* HMSTests.m */; };
		EE98FAF718F5ADC900783F7F /* HMSComment.m in Sources */ = {isa = PBXBuildFile; fileRef = EE98FAF618F5ADC900783F7F /* HMSComment.m */; };
		EEB62F8718F10F9C00FBA33D /* MWCaptionView.m in Sources */ = {isa = PBXBuildFile; fileRef = EEB62F2C18F10F9C00FBA33D /* MWCaptionView.m */; };
		EEB62F8818F10F9C00FBA33D /* MWGridCell.m in Sources */ = {isa = PBXBuildFile; fileRef = EEB62F2F18F10F9C00FBA33D /* MWGridCell.m */; };
		EEB62F8918F10F9C00FBA33D /* MWGridViewController.m in Sources */ = {isa = PBXBuildFile; fileRef = EEB62F3118F10F9C00FBA33D /* MWGridViewController.m */; };
		EEB62F8A18F10F9C00FBA33D /* MWPhoto.m in Sources */ = {isa = PBXBuildFile; fileRef = EEB62F3318F10F9C00FBA33D /* MWPhoto.m */; };
		EEB62F8B18F10F9C00FBA33D /* MWPhotoBrowser.m in Sources */ = {isa = PBXBuildFile; fileRef = EEB62F3518F10F9C00FBA33D /* MWPhotoBrowser.m */; };
		EEB62F8C18F10F9C00FBA33D /* MWTapDetectingImageView.m in Sources */ = {isa = PBXBuildFile; fileRef = EEB62F3918F10F9C00FBA33D /* MWTapDetectingImageView.m */; };
		EEB62F8D18F10F9C00FBA33D /* MWTapDetectingView.m in Sources */ = {isa = PBXBuildFile; fileRef = EEB62F3B18F10F9C00FBA33D /* MWTapDetectingView.m */; };
		EEB62F8E18F10F9C00FBA33D /* MWZoomingScrollView.m in Sources */ = {isa = PBXBuildFile; fileRef = EEB62F3D18F10F9C00FBA33D /* MWZoomingScrollView.m */; };
		EEB62F8F18F10F9C00FBA33D /* DACircularProgressView.m in Sources */ = {isa = PBXBuildFile; fileRef = EEB62F4118F10F9C00FBA33D /* DACircularProgressView.m */; };
		EEB62F9018F10F9C00FBA33D /* MBProgressHUD.m in Sources */ = {isa = PBXBuildFile; fileRef = EEB62F4418F10F9C00FBA33D /* MBProgressHUD.m */; };
		EEB62F9118F10F9C00FBA33D /* README.mdown in Resources */ = {isa = PBXBuildFile; fileRef = EEB62F4518F10F9C00FBA33D /* README.mdown */; };
		EEB62F9218F10F9C00FBA33D /* NSIndexPath+PSTCollectionViewAdditions.m in Sources */ = {isa = PBXBuildFile; fileRef = EEB62F4818F10F9C00FBA33D /* NSIndexPath+PSTCollectionViewAdditions.m */; };
		EEB62F9318F10F9C00FBA33D /* PSTCollectionView.m in Sources */ = {isa = PBXBuildFile; fileRef = EEB62F4A18F10F9C00FBA33D /* PSTCollectionView.m */; };
		EEB62F9418F10F9C00FBA33D /* PSTCollectionViewCell.m in Sources */ = {isa = PBXBuildFile; fileRef = EEB62F4C18F10F9C00FBA33D /* PSTCollectionViewCell.m */; };
		EEB62F9518F10F9C00FBA33D /* PSTCollectionViewController.m in Sources */ = {isa = PBXBuildFile; fileRef = EEB62F4F18F10F9C00FBA33D /* PSTCollectionViewController.m */; };
		EEB62F9618F10F9C00FBA33D /* PSTCollectionViewData.m in Sources */ = {isa = PBXBuildFile; fileRef = EEB62F5118F10F9C00FBA33D /* PSTCollectionViewData.m */; };
		EEB62F9718F10F9C00FBA33D /* PSTCollectionViewFlowLayout.m in Sources */ = {isa = PBXBuildFile; fileRef = EEB62F5318F10F9C00FBA33D /* PSTCollectionViewFlowLayout.m */; };
		EEB62F9818F10F9C00FBA33D /* PSTCollectionViewItemKey.m in Sources */ = {isa = PBXBuildFile; fileRef = EEB62F5518F10F9C00FBA33D /* PSTCollectionViewItemKey.m */; };
		EEB62F9918F10F9C00FBA33D /* PSTCollectionViewLayout.m in Sources */ = {isa = PBXBuildFile; fileRef = EEB62F5818F10F9C00FBA33D /* PSTCollectionViewLayout.m */; };
		EEB62F9A18F10F9C00FBA33D /* PSTCollectionViewUpdateItem.m in Sources */ = {isa = PBXBuildFile; fileRef = EEB62F5A18F10F9C00FBA33D /* PSTCollectionViewUpdateItem.m */; };
		EEB62F9B18F10F9C00FBA33D /* PSTGridLayoutInfo.m in Sources */ = {isa = PBXBuildFile; fileRef = EEB62F5C18F10F9C00FBA33D /* PSTGridLayoutInfo.m */; };
		EEB62F9C18F10F9C00FBA33D /* PSTGridLayoutItem.m in Sources */ = {isa = PBXBuildFile; fileRef = EEB62F5E18F10F9C00FBA33D /* PSTGridLayoutItem.m */; };
		EEB62F9D18F10F9C00FBA33D /* PSTGridLayoutRow.m in Sources */ = {isa = PBXBuildFile; fileRef = EEB62F6018F10F9C00FBA33D /* PSTGridLayoutRow.m */; };
		EEB62F9E18F10F9C00FBA33D /* PSTGridLayoutSection.m in Sources */ = {isa = PBXBuildFile; fileRef = EEB62F6218F10F9C00FBA33D /* PSTGridLayoutSection.m */; };
		EEB62F9F18F10F9C00FBA33D /* LICENSE in Resources */ = {isa = PBXBuildFile; fileRef = EEB62F6418F10F9C00FBA33D /* LICENSE */; };
		EEB62FA018F10F9C00FBA33D /* README.md in Resources */ = {isa = PBXBuildFile; fileRef = EEB62F6518F10F9C00FBA33D /* README.md */; };
		EEB62FA118F10F9C00FBA33D /* MKAnnotationView+WebCache.m in Sources */ = {isa = PBXBuildFile; fileRef = EEB62F6818F10F9C00FBA33D /* MKAnnotationView+WebCache.m */; };
		EEB62FA218F10F9C00FBA33D /* NSData+GIF.m in Sources */ = {isa = PBXBuildFile; fileRef = EEB62F6A18F10F9C00FBA33D /* NSData+GIF.m */; };
		EEB62FA318F10F9C00FBA33D /* NSData+ImageContentType.m in Sources */ = {isa = PBXBuildFile; fileRef = EEB62F6C18F10F9C00FBA33D /* NSData+ImageContentType.m */; };
		EEB62FA418F10F9C00FBA33D /* SDImageCache.m in Sources */ = {isa = PBXBuildFile; fileRef = EEB62F6E18F10F9C00FBA33D /* SDImageCache.m */; };
		EEB62FA518F10F9C00FBA33D /* SDWebImageCompat.m in Sources */ = {isa = PBXBuildFile; fileRef = EEB62F7018F10F9C00FBA33D /* SDWebImageCompat.m */; };
		EEB62FA618F10F9C00FBA33D /* SDWebImageDecoder.m in Sources */ = {isa = PBXBuildFile; fileRef = EEB62F7218F10F9C00FBA33D /* SDWebImageDecoder.m */; };
		EEB62FA718F10F9C00FBA33D /* SDWebImageDownloader.m in Sources */ = {isa = PBXBuildFile; fileRef = EEB62F7418F10F9C00FBA33D /* SDWebImageDownloader.m */; };
		EEB62FA818F10F9C00FBA33D /* SDWebImageDownloaderOperation.m in Sources */ = {isa = PBXBuildFile; fileRef = EEB62F7618F10F9C00FBA33D /* SDWebImageDownloaderOperation.m */; };
		EEB62FA918F10F9C00FBA33D /* SDWebImageManager.m in Sources */ = {isa = PBXBuildFile; fileRef = EEB62F7818F10F9C00FBA33D /* SDWebImageManager.m */; };
		EEB62FAA18F10F9C00FBA33D /* SDWebImagePrefetcher.m in Sources */ = {isa = PBXBuildFile; fileRef = EEB62F7B18F10F9C00FBA33D /* SDWebImagePrefetcher.m */; };
		EEB62FAB18F10F9C00FBA33D /* UIButton+WebCache.m in Sources */ = {isa = PBXBuildFile; fileRef = EEB62F7D18F10F9C00FBA33D /* UIButton+WebCache.m */; };
		EEB62FAC18F10F9C00FBA33D /* UIImage+GIF.m in Sources */ = {isa = PBXBuildFile; fileRef = EEB62F7F18F10F9C00FBA33D /* UIImage+GIF.m */; };
		EEB62FAD18F10F9C00FBA33D /* UIImage+MultiFormat.m in Sources */ = {isa = PBXBuildFile; fileRef = EEB62F8118F10F9C00FBA33D /* UIImage+MultiFormat.m */; };
		EEB62FAE18F10F9C00FBA33D /* UIImage+WebP.m in Sources */ = {isa = PBXBuildFile; fileRef = EEB62F8318F10F9C00FBA33D /* UIImage+WebP.m */; };
		EEB62FAF18F10F9C00FBA33D /* UIImageView+WebCache.m in Sources */ = {isa = PBXBuildFile; fileRef = EEB62F8518F10F9C00FBA33D /* UIImageView+WebCache.m */; };
		EEB62FB018F10F9C00FBA33D /* MWPhotoBrowser.bundle in Resources */ = {isa = PBXBuildFile; fileRef = EEB62F8618F10F9C00FBA33D /* MWPhotoBrowser.bundle */; };
		EEB62FB918F1114700FBA33D /* hotel1.jpeg in Resources */ = {isa = PBXBuildFile; fileRef = EEB62FB418F1114700FBA33D /* hotel1.jpeg */; };
		EEB62FBA18F1114700FBA33D /* hotel2.jpeg in Resources */ = {isa = PBXBuildFile; fileRef = EEB62FB518F1114700FBA33D /* hotel2.jpeg */; };
		EEB62FBB18F1114700FBA33D /* hotel3.jpeg in Resources */ = {isa = PBXBuildFile; fileRef = EEB62FB618F1114700FBA33D /* hotel3.jpeg */; };
		EEB62FBC18F1114700FBA33D /* hotel4.jpeg in Resources */ = {isa = PBXBuildFile; fileRef = EEB62FB718F1114700FBA33D /* hotel4.jpeg */; };
		EEB62FBD18F1114700FBA33D /* hotel5.jpeg in Resources */ = {isa = PBXBuildFile; fileRef = EEB62FB818F1114700FBA33D /* hotel5.jpeg */; };
		EEB62FC018F12B1900FBA33D /* HMSWebViewController.m in Sources */ = {isa = PBXBuildFile; fileRef = EEB62FBF18F12B1900FBA33D /* HMSWebViewController.m */; };
		EEEE644A190FADFB002AC214 /* HMSCommentViewController.m in Sources */ = {isa = PBXBuildFile; fileRef = EEEE6449190FADFB002AC214 /* HMSCommentViewController.m */; };
/* End PBXBuildFile section */

/* Begin PBXContainerItemProxy section */
		EE6DA41718D9907300970A22 /* PBXContainerItemProxy */ = {
			isa = PBXContainerItemProxy;
			containerPortal = EE6DA3E618D9907300970A22 /* Project object */;
			proxyType = 1;
			remoteGlobalIDString = EE6DA3ED18D9907300970A22;
			remoteInfo = HMS;
		};
/* End PBXContainerItemProxy section */

/* Begin PBXFileReference section */
		109BC2D419140F5C003097AA /* ic_phone.png */ = {isa = PBXFileReference; lastKnownFileType = image.png; path = ic_phone.png; sourceTree = "<group>"; };
		109BC2D519140F5C003097AA /* cellstylebg.png */ = {isa = PBXFileReference; lastKnownFileType = image.png; path = cellstylebg.png; sourceTree = "<group>"; };
		109BC2D619140F5C003097AA /* ic_heart.png */ = {isa = PBXFileReference; lastKnownFileType = image.png; path = ic_heart.png; sourceTree = "<group>"; };
		109BC2D719140F5C003097AA /* ic_search.png */ = {isa = PBXFileReference; lastKnownFileType = image.png; path = ic_search.png; sourceTree = "<group>"; };
		9587A17E0DBF40A391D28720 /* libPods.a */ = {isa = PBXFileReference; explicitFileType = archive.ar; includeInIndex = 0; path = libPods.a; sourceTree = BUILT_PRODUCTS_DIR; };
		97B13EDD1911403300ACC622 /* HMSModelHelper.h */ = {isa = PBXFileReference; fileEncoding = 4; lastKnownFileType = sourcecode.c.h; path = HMSModelHelper.h; sourceTree = "<group>"; };
		97B13EDE1911403300ACC622 /* HMSModelHelper.m */ = {isa = PBXFileReference; fileEncoding = 4; lastKnownFileType = sourcecode.c.objc; path = HMSModelHelper.m; sourceTree = "<group>"; };
		A12756DFBC1042BF8264EFEC /* Pods.xcconfig */ = {isa = PBXFileReference; includeInIndex = 1; lastKnownFileType = text.xcconfig; name = Pods.xcconfig; path = Pods/Pods.xcconfig; sourceTree = "<group>"; };
		EE0341DF18DC595F00EA4F4D /* HMSHelperIndexedList.h */ = {isa = PBXFileReference; fileEncoding = 4; lastKnownFileType = sourcecode.c.h; path = HMSHelperIndexedList.h; sourceTree = "<group>"; };
		EE0341E018DC595F00EA4F4D /* HMSHelperIndexedList.m */ = {isa = PBXFileReference; fileEncoding = 4; lastKnownFileType = sourcecode.c.objc; path = HMSHelperIndexedList.m; sourceTree = "<group>"; };
		EE0341E918DC68E400EA4F4D /* QuartzCore.framework */ = {isa = PBXFileReference; lastKnownFileType = wrapper.framework; name = QuartzCore.framework; path = System/Library/Frameworks/QuartzCore.framework; sourceTree = SDKROOT; };
		EE2817A1190CCAC7000AA99A /* HMSMathHelper.h */ = {isa = PBXFileReference; fileEncoding = 4; lastKnownFileType = sourcecode.c.h; path = HMSMathHelper.h; sourceTree = "<group>"; };
		EE2817A2190CCAC7000AA99A /* HMSMathHelper.m */ = {isa = PBXFileReference; fileEncoding = 4; lastKnownFileType = sourcecode.c.objc; path = HMSMathHelper.m; sourceTree = "<group>"; };
		EE6D4A3A1903AF27005B8EBE /* CoreLocation.framework */ = {isa = PBXFileReference; lastKnownFileType = wrapper.framework; name = CoreLocation.framework; path = System/Library/Frameworks/CoreLocation.framework; sourceTree = SDKROOT; };
		EE6D4A3C1903AF31005B8EBE /* MapKit.framework */ = {isa = PBXFileReference; lastKnownFileType = wrapper.framework; name = MapKit.framework; path = System/Library/Frameworks/MapKit.framework; sourceTree = SDKROOT; };
		EE6D4A421903C770005B8EBE /* JPSThumbnail.h */ = {isa = PBXFileReference; fileEncoding = 4; lastKnownFileType = sourcecode.c.h; path = JPSThumbnail.h; sourceTree = "<group>"; };
		EE6D4A431903C770005B8EBE /* JPSThumbnailAnnotation.h */ = {isa = PBXFileReference; fileEncoding = 4; lastKnownFileType = sourcecode.c.h; path = JPSThumbnailAnnotation.h; sourceTree = "<group>"; };
		EE6D4A441903C770005B8EBE /* JPSThumbnailAnnotation.m */ = {isa = PBXFileReference; fileEncoding = 4; lastKnownFileType = sourcecode.c.objc; path = JPSThumbnailAnnotation.m; sourceTree = "<group>"; };
		EE6D4A451903C770005B8EBE /* JPSThumbnailAnnotationView.h */ = {isa = PBXFileReference; fileEncoding = 4; lastKnownFileType = sourcecode.c.h; path = JPSThumbnailAnnotationView.h; sourceTree = "<group>"; };
		EE6D4A461903C770005B8EBE /* JPSThumbnailAnnotationView.m */ = {isa = PBXFileReference; fileEncoding = 4; lastKnownFileType = sourcecode.c.objc; path = JPSThumbnailAnnotationView.m; sourceTree = "<group>"; };
		EE6D4A471903C770005B8EBE /* JPSThumnail.m */ = {isa = PBXFileReference; fileEncoding = 4; lastKnownFileType = sourcecode.c.objc; path = JPSThumnail.m; sourceTree = "<group>"; };
		EE6D4A4C19042495005B8EBE /* MDRadialProgressLabel.h */ = {isa = PBXFileReference; fileEncoding = 4; lastKnownFileType = sourcecode.c.h; path = MDRadialProgressLabel.h; sourceTree = "<group>"; };
		EE6D4A4D19042495005B8EBE /* MDRadialProgressLabel.m */ = {isa = PBXFileReference; fileEncoding = 4; lastKnownFileType = sourcecode.c.objc; path = MDRadialProgressLabel.m; sourceTree = "<group>"; };
		EE6D4A4E19042495005B8EBE /* MDRadialProgressTheme.h */ = {isa = PBXFileReference; fileEncoding = 4; lastKnownFileType = sourcecode.c.h; path = MDRadialProgressTheme.h; sourceTree = "<group>"; };
		EE6D4A4F19042495005B8EBE /* MDRadialProgressTheme.m */ = {isa = PBXFileReference; fileEncoding = 4; lastKnownFileType = sourcecode.c.objc; path = MDRadialProgressTheme.m; sourceTree = "<group>"; };
		EE6D4A5019042495005B8EBE /* MDRadialProgressView.h */ = {isa = PBXFileReference; fileEncoding = 4; lastKnownFileType = sourcecode.c.h; path = MDRadialProgressView.h; sourceTree = "<group>"; };
		EE6D4A5119042495005B8EBE /* MDRadialProgressView.m */ = {isa = PBXFileReference; fileEncoding = 4; lastKnownFileType = sourcecode.c.objc; path = MDRadialProgressView.m; sourceTree = "<group>"; };
		EE6D78BC18EFD919006AC569 /* HMSHotel.h */ = {isa = PBXFileReference; fileEncoding = 4; lastKnownFileType = sourcecode.c.h; path = HMSHotel.h; sourceTree = "<group>"; };
		EE6D78BD18EFD919006AC569 /* HMSHotel.m */ = {isa = PBXFileReference; fileEncoding = 4; lastKnownFileType = sourcecode.c.objc; path = HMSHotel.m; sourceTree = "<group>"; };
		EE6D78BE18EFD919006AC569 /* HMSRoom.h */ = {isa = PBXFileReference; fileEncoding = 4; lastKnownFileType = sourcecode.c.h; path = HMSRoom.h; sourceTree = "<group>"; };
		EE6D78BF18EFD919006AC569 /* HMSRoom.m */ = {isa = PBXFileReference; fileEncoding = 4; lastKnownFileType = sourcecode.c.objc; path = HMSRoom.m; sourceTree = "<group>"; };
		EE6D78C218EFD929006AC569 /* JASidePanelController.h */ = {isa = PBXFileReference; fileEncoding = 4; lastKnownFileType = sourcecode.c.h; path = JASidePanelController.h; sourceTree = "<group>"; };
		EE6D78C318EFD929006AC569 /* JASidePanelController.m */ = {isa = PBXFileReference; fileEncoding = 4; lastKnownFileType = sourcecode.c.objc; path = JASidePanelController.m; sourceTree = "<group>"; };
		EE6D78C418EFD929006AC569 /* UIViewController+JASidePanel.h */ = {isa = PBXFileReference; fileEncoding = 4; lastKnownFileType = sourcecode.c.h; path = "UIViewController+JASidePanel.h"; sourceTree = "<group>"; };
		EE6D78C518EFD929006AC569 /* UIViewController+JASidePanel.m */ = {isa = PBXFileReference; fileEncoding = 4; lastKnownFileType = sourcecode.c.objc; path = "UIViewController+JASidePanel.m"; sourceTree = "<group>"; };
		EE6D78C818EFD9E1006AC569 /* HMSMasterViewController.h */ = {isa = PBXFileReference; fileEncoding = 4; lastKnownFileType = sourcecode.c.h; path = HMSMasterViewController.h; sourceTree = "<group>"; };
		EE6D78C918EFD9E1006AC569 /* HMSMasterViewController.m */ = {isa = PBXFileReference; fileEncoding = 4; lastKnownFileType = sourcecode.c.objc; path = HMSMasterViewController.m; sourceTree = "<group>"; };
		EE6D78CA18EFD9E1006AC569 /* HMSDetailViewController.h */ = {isa = PBXFileReference; fileEncoding = 4; lastKnownFileType = sourcecode.c.h; path = HMSDetailViewController.h; sourceTree = "<group>"; };
		EE6D78CB18EFD9E1006AC569 /* HMSDetailViewController.m */ = {isa = PBXFileReference; fileEncoding = 4; lastKnownFileType = sourcecode.c.objc; path = HMSDetailViewController.m; sourceTree = "<group>"; };
		EE6D78CC18EFD9E1006AC569 /* HMSHotelViewController.h */ = {isa = PBXFileReference; fileEncoding = 4; lastKnownFileType = sourcecode.c.h; path = HMSHotelViewController.h; sourceTree = "<group>"; };
		EE6D78CD18EFD9E1006AC569 /* HMSHotelViewController.m */ = {isa = PBXFileReference; fileEncoding = 4; lastKnownFileType = sourcecode.c.objc; path = HMSHotelViewController.m; sourceTree = "<group>"; };
		EE6D78CE18EFD9E1006AC569 /* HMSSidePanelController.h */ = {isa = PBXFileReference; fileEncoding = 4; lastKnownFileType = sourcecode.c.h; path = HMSSidePanelController.h; sourceTree = "<group>"; };
		EE6D78CF18EFD9E1006AC569 /* HMSSidePanelController.m */ = {isa = PBXFileReference; fileEncoding = 4; lastKnownFileType = sourcecode.c.objc; path = HMSSidePanelController.m; sourceTree = "<group>"; };
		EE6D78D018EFD9E1006AC569 /* HMSMenuPanelTableViewController.h */ = {isa = PBXFileReference; fileEncoding = 4; lastKnownFileType = sourcecode.c.h; path = HMSMenuPanelTableViewController.h; sourceTree = "<group>"; };
		EE6D78D118EFD9E1006AC569 /* HMSMenuPanelTableViewController.m */ = {isa = PBXFileReference; fileEncoding = 4; lastKnownFileType = sourcecode.c.objc; path = HMSMenuPanelTableViewController.m; sourceTree = "<group>"; };
		EE6D78D218EFD9E1006AC569 /* HMSShakerViewController.h */ = {isa = PBXFileReference; fileEncoding = 4; lastKnownFileType = sourcecode.c.h; path = HMSShakerViewController.h; sourceTree = "<group>"; };
		EE6D78D318EFD9E1006AC569 /* HMSShakerViewController.m */ = {isa = PBXFileReference; fileEncoding = 4; lastKnownFileType = sourcecode.c.objc; path = HMSShakerViewController.m; sourceTree = "<group>"; };
		EE6D78D418EFD9E1006AC569 /* HMSFavouriteTableViewController.h */ = {isa = PBXFileReference; fileEncoding = 4; lastKnownFileType = sourcecode.c.h; path = HMSFavouriteTableViewController.h; sourceTree = "<group>"; };
		EE6D78D518EFD9E1006AC569 /* HMSFavouriteTableViewController.m */ = {isa = PBXFileReference; fileEncoding = 4; lastKnownFileType = sourcecode.c.objc; path = HMSFavouriteTableViewController.m; sourceTree = "<group>"; };
		EE6D78D818EFD9E1006AC569 /* HMSTabBarController.h */ = {isa = PBXFileReference; fileEncoding = 4; lastKnownFileType = sourcecode.c.h; path = HMSTabBarController.h; sourceTree = "<group>"; };
		EE6D78D918EFD9E1006AC569 /* HMSTabBarController.m */ = {isa = PBXFileReference; fileEncoding = 4; lastKnownFileType = sourcecode.c.objc; path = HMSTabBarController.m; sourceTree = "<group>"; };
		EE6DA3EE18D9907300970A22 /* HMS.app */ = {isa = PBXFileReference; explicitFileType = wrapper.application; includeInIndex = 0; path = HMS.app; sourceTree = BUILT_PRODUCTS_DIR; };
		EE6DA3F118D9907300970A22 /* Foundation.framework */ = {isa = PBXFileReference; lastKnownFileType = wrapper.framework; name = Foundation.framework; path = System/Library/Frameworks/Foundation.framework; sourceTree = SDKROOT; };
		EE6DA3F318D9907300970A22 /* CoreGraphics.framework */ = {isa = PBXFileReference; lastKnownFileType = wrapper.framework; name = CoreGraphics.framework; path = System/Library/Frameworks/CoreGraphics.framework; sourceTree = SDKROOT; };
		EE6DA3F518D9907300970A22 /* UIKit.framework */ = {isa = PBXFileReference; lastKnownFileType = wrapper.framework; name = UIKit.framework; path = System/Library/Frameworks/UIKit.framework; sourceTree = SDKROOT; };
		EE6DA3F918D9907300970A22 /* HMS-Info.plist */ = {isa = PBXFileReference; lastKnownFileType = text.plist.xml; path = "HMS-Info.plist"; sourceTree = "<group>"; };
		EE6DA3FB18D9907300970A22 /* en */ = {isa = PBXFileReference; lastKnownFileType = text.plist.strings; name = en; path = en.lproj/InfoPlist.strings; sourceTree = "<group>"; };
		EE6DA3FD18D9907300970A22 /* main.m */ = {isa = PBXFileReference; lastKnownFileType = sourcecode.c.objc; path = main.m; sourceTree = "<group>"; };
		EE6DA3FF18D9907300970A22 /* HMS-Prefix.pch */ = {isa = PBXFileReference; lastKnownFileType = sourcecode.c.h; path = "HMS-Prefix.pch"; sourceTree = "<group>"; };
		EE6DA40018D9907300970A22 /* HMSAppDelegate.h */ = {isa = PBXFileReference; lastKnownFileType = sourcecode.c.h; path = HMSAppDelegate.h; sourceTree = "<group>"; };
		EE6DA40118D9907300970A22 /* HMSAppDelegate.m */ = {isa = PBXFileReference; lastKnownFileType = sourcecode.c.objc; path = HMSAppDelegate.m; sourceTree = "<group>"; };
		EE6DA40418D9907300970A22 /* Base */ = {isa = PBXFileReference; lastKnownFileType = file.storyboard; name = Base; path = Base.lproj/Main.storyboard; sourceTree = "<group>"; };
		EE6DA40C18D9907300970A22 /* Images.xcassets */ = {isa = PBXFileReference; lastKnownFileType = folder.assetcatalog; path = Images.xcassets; sourceTree = "<group>"; };
		EE6DA41218D9907300970A22 /* HMSTests.xctest */ = {isa = PBXFileReference; explicitFileType = wrapper.cfbundle; includeInIndex = 0; path = HMSTests.xctest; sourceTree = BUILT_PRODUCTS_DIR; };
		EE6DA41318D9907300970A22 /* XCTest.framework */ = {isa = PBXFileReference; lastKnownFileType = wrapper.framework; name = XCTest.framework; path = Library/Frameworks/XCTest.framework; sourceTree = DEVELOPER_DIR; };
		EE6DA41B18D9907300970A22 /* HMSTests-Info.plist */ = {isa = PBXFileReference; lastKnownFileType = text.plist.xml; path = "HMSTests-Info.plist"; sourceTree = "<group>"; };
		EE6DA41D18D9907300970A22 /* en */ = {isa = PBXFileReference; lastKnownFileType = text.plist.strings; name = en; path = en.lproj/InfoPlist.strings; sourceTree = "<group>"; };
		EE6DA41F18D9907300970A22 /* HMSTests.m */ = {isa = PBXFileReference; lastKnownFileType = sourcecode.c.objc; path = HMSTests.m; sourceTree = "<group>"; };
		EE98FAF518F5ADC900783F7F /* HMSComment.h */ = {isa = PBXFileReference; fileEncoding = 4; lastKnownFileType = sourcecode.c.h; path = HMSComment.h; sourceTree = "<group>"; };
		EE98FAF618F5ADC900783F7F /* HMSComment.m */ = {isa = PBXFileReference; fileEncoding = 4; lastKnownFileType = sourcecode.c.objc; path = HMSComment.m; sourceTree = "<group>"; };
		EEB62F2B18F10F9C00FBA33D /* MWCaptionView.h */ = {isa = PBXFileReference; fileEncoding = 4; lastKnownFileType = sourcecode.c.h; path = MWCaptionView.h; sourceTree = "<group>"; };
		EEB62F2C18F10F9C00FBA33D /* MWCaptionView.m */ = {isa = PBXFileReference; fileEncoding = 4; lastKnownFileType = sourcecode.c.objc; path = MWCaptionView.m; sourceTree = "<group>"; };
		EEB62F2D18F10F9C00FBA33D /* MWCommon.h */ = {isa = PBXFileReference; fileEncoding = 4; lastKnownFileType = sourcecode.c.h; path = MWCommon.h; sourceTree = "<group>"; };
		EEB62F2E18F10F9C00FBA33D /* MWGridCell.h */ = {isa = PBXFileReference; fileEncoding = 4; lastKnownFileType = sourcecode.c.h; path = MWGridCell.h; sourceTree = "<group>"; };
		EEB62F2F18F10F9C00FBA33D /* MWGridCell.m */ = {isa = PBXFileReference; fileEncoding = 4; lastKnownFileType = sourcecode.c.objc; path = MWGridCell.m; sourceTree = "<group>"; };
		EEB62F3018F10F9C00FBA33D /* MWGridViewController.h */ = {isa = PBXFileReference; fileEncoding = 4; lastKnownFileType = sourcecode.c.h; path = MWGridViewController.h; sourceTree = "<group>"; };
		EEB62F3118F10F9C00FBA33D /* MWGridViewController.m */ = {isa = PBXFileReference; fileEncoding = 4; lastKnownFileType = sourcecode.c.objc; path = MWGridViewController.m; sourceTree = "<group>"; };
		EEB62F3218F10F9C00FBA33D /* MWPhoto.h */ = {isa = PBXFileReference; fileEncoding = 4; lastKnownFileType = sourcecode.c.h; path = MWPhoto.h; sourceTree = "<group>"; };
		EEB62F3318F10F9C00FBA33D /* MWPhoto.m */ = {isa = PBXFileReference; fileEncoding = 4; lastKnownFileType = sourcecode.c.objc; path = MWPhoto.m; sourceTree = "<group>"; };
		EEB62F3418F10F9C00FBA33D /* MWPhotoBrowser.h */ = {isa = PBXFileReference; fileEncoding = 4; lastKnownFileType = sourcecode.c.h; path = MWPhotoBrowser.h; sourceTree = "<group>"; };
		EEB62F3518F10F9C00FBA33D /* MWPhotoBrowser.m */ = {isa = PBXFileReference; fileEncoding = 4; lastKnownFileType = sourcecode.c.objc; path = MWPhotoBrowser.m; sourceTree = "<group>"; };
		EEB62F3618F10F9C00FBA33D /* MWPhotoBrowserPrivate.h */ = {isa = PBXFileReference; fileEncoding = 4; lastKnownFileType = sourcecode.c.h; path = MWPhotoBrowserPrivate.h; sourceTree = "<group>"; };
		EEB62F3718F10F9C00FBA33D /* MWPhotoProtocol.h */ = {isa = PBXFileReference; fileEncoding = 4; lastKnownFileType = sourcecode.c.h; path = MWPhotoProtocol.h; sourceTree = "<group>"; };
		EEB62F3818F10F9C00FBA33D /* MWTapDetectingImageView.h */ = {isa = PBXFileReference; fileEncoding = 4; lastKnownFileType = sourcecode.c.h; path = MWTapDetectingImageView.h; sourceTree = "<group>"; };
		EEB62F3918F10F9C00FBA33D /* MWTapDetectingImageView.m */ = {isa = PBXFileReference; fileEncoding = 4; lastKnownFileType = sourcecode.c.objc; path = MWTapDetectingImageView.m; sourceTree = "<group>"; };
		EEB62F3A18F10F9C00FBA33D /* MWTapDetectingView.h */ = {isa = PBXFileReference; fileEncoding = 4; lastKnownFileType = sourcecode.c.h; path = MWTapDetectingView.h; sourceTree = "<group>"; };
		EEB62F3B18F10F9C00FBA33D /* MWTapDetectingView.m */ = {isa = PBXFileReference; fileEncoding = 4; lastKnownFileType = sourcecode.c.objc; path = MWTapDetectingView.m; sourceTree = "<group>"; };
		EEB62F3C18F10F9C00FBA33D /* MWZoomingScrollView.h */ = {isa = PBXFileReference; fileEncoding = 4; lastKnownFileType = sourcecode.c.h; path = MWZoomingScrollView.h; sourceTree = "<group>"; };
		EEB62F3D18F10F9C00FBA33D /* MWZoomingScrollView.m */ = {isa = PBXFileReference; fileEncoding = 4; lastKnownFileType = sourcecode.c.objc; path = MWZoomingScrollView.m; sourceTree = "<group>"; };
		EEB62F4018F10F9C00FBA33D /* DACircularProgressView.h */ = {isa = PBXFileReference; fileEncoding = 4; lastKnownFileType = sourcecode.c.h; path = DACircularProgressView.h; sourceTree = "<group>"; };
		EEB62F4118F10F9C00FBA33D /* DACircularProgressView.m */ = {isa = PBXFileReference; fileEncoding = 4; lastKnownFileType = sourcecode.c.objc; path = DACircularProgressView.m; sourceTree = "<group>"; };
		EEB62F4318F10F9C00FBA33D /* MBProgressHUD.h */ = {isa = PBXFileReference; fileEncoding = 4; lastKnownFileType = sourcecode.c.h; path = MBProgressHUD.h; sourceTree = "<group>"; };
		EEB62F4418F10F9C00FBA33D /* MBProgressHUD.m */ = {isa = PBXFileReference; fileEncoding = 4; lastKnownFileType = sourcecode.c.objc; path = MBProgressHUD.m; sourceTree = "<group>"; };
		EEB62F4518F10F9C00FBA33D /* README.mdown */ = {isa = PBXFileReference; fileEncoding = 4; lastKnownFileType = text; path = README.mdown; sourceTree = "<group>"; };
		EEB62F4718F10F9C00FBA33D /* NSIndexPath+PSTCollectionViewAdditions.h */ = {isa = PBXFileReference; fileEncoding = 4; lastKnownFileType = sourcecode.c.h; path = "NSIndexPath+PSTCollectionViewAdditions.h"; sourceTree = "<group>"; };
		EEB62F4818F10F9C00FBA33D /* NSIndexPath+PSTCollectionViewAdditions.m */ = {isa = PBXFileReference; fileEncoding = 4; lastKnownFileType = sourcecode.c.objc; path = "NSIndexPath+PSTCollectionViewAdditions.m"; sourceTree = "<group>"; };
		EEB62F4918F10F9C00FBA33D /* PSTCollectionView.h */ = {isa = PBXFileReference; fileEncoding = 4; lastKnownFileType = sourcecode.c.h; path = PSTCollectionView.h; sourceTree = "<group>"; };
		EEB62F4A18F10F9C00FBA33D /* PSTCollectionView.m */ = {isa = PBXFileReference; fileEncoding = 4; lastKnownFileType = sourcecode.c.objc; path = PSTCollectionView.m; sourceTree = "<group>"; };
		EEB62F4B18F10F9C00FBA33D /* PSTCollectionViewCell.h */ = {isa = PBXFileReference; fileEncoding = 4; lastKnownFileType = sourcecode.c.h; path = PSTCollectionViewCell.h; sourceTree = "<group>"; };
		EEB62F4C18F10F9C00FBA33D /* PSTCollectionViewCell.m */ = {isa = PBXFileReference; fileEncoding = 4; lastKnownFileType = sourcecode.c.objc; path = PSTCollectionViewCell.m; sourceTree = "<group>"; };
		EEB62F4D18F10F9C00FBA33D /* PSTCollectionViewCommon.h */ = {isa = PBXFileReference; fileEncoding = 4; lastKnownFileType = sourcecode.c.h; path = PSTCollectionViewCommon.h; sourceTree = "<group>"; };
		EEB62F4E18F10F9C00FBA33D /* PSTCollectionViewController.h */ = {isa = PBXFileReference; fileEncoding = 4; lastKnownFileType = sourcecode.c.h; path = PSTCollectionViewController.h; sourceTree = "<group>"; };
		EEB62F4F18F10F9C00FBA33D /* PSTCollectionViewController.m */ = {isa = PBXFileReference; fileEncoding = 4; lastKnownFileType = sourcecode.c.objc; path = PSTCollectionViewController.m; sourceTree = "<group>"; };
		EEB62F5018F10F9C00FBA33D /* PSTCollectionViewData.h */ = {isa = PBXFileReference; fileEncoding = 4; lastKnownFileType = sourcecode.c.h; path = PSTCollectionViewData.h; sourceTree = "<group>"; };
		EEB62F5118F10F9C00FBA33D /* PSTCollectionViewData.m */ = {isa = PBXFileReference; fileEncoding = 4; lastKnownFileType = sourcecode.c.objc; path = PSTCollectionViewData.m; sourceTree = "<group>"; };
		EEB62F5218F10F9C00FBA33D /* PSTCollectionViewFlowLayout.h */ = {isa = PBXFileReference; fileEncoding = 4; lastKnownFileType = sourcecode.c.h; path = PSTCollectionViewFlowLayout.h; sourceTree = "<group>"; };
		EEB62F5318F10F9C00FBA33D /* PSTCollectionViewFlowLayout.m */ = {isa = PBXFileReference; fileEncoding = 4; lastKnownFileType = sourcecode.c.objc; path = PSTCollectionViewFlowLayout.m; sourceTree = "<group>"; };
		EEB62F5418F10F9C00FBA33D /* PSTCollectionViewItemKey.h */ = {isa = PBXFileReference; fileEncoding = 4; lastKnownFileType = sourcecode.c.h; path = PSTCollectionViewItemKey.h; sourceTree = "<group>"; };
		EEB62F5518F10F9C00FBA33D /* PSTCollectionViewItemKey.m */ = {isa = PBXFileReference; fileEncoding = 4; lastKnownFileType = sourcecode.c.objc; path = PSTCollectionViewItemKey.m; sourceTree = "<group>"; };
		EEB62F5618F10F9C00FBA33D /* PSTCollectionViewLayout+Internals.h */ = {isa = PBXFileReference; fileEncoding = 4; lastKnownFileType = sourcecode.c.h; path = "PSTCollectionViewLayout+Internals.h"; sourceTree = "<group>"; };
		EEB62F5718F10F9C00FBA33D /* PSTCollectionViewLayout.h */ = {isa = PBXFileReference; fileEncoding = 4; lastKnownFileType = sourcecode.c.h; path = PSTCollectionViewLayout.h; sourceTree = "<group>"; };
		EEB62F5818F10F9C00FBA33D /* PSTCollectionViewLayout.m */ = {isa = PBXFileReference; fileEncoding = 4; lastKnownFileType = sourcecode.c.objc; path = PSTCollectionViewLayout.m; sourceTree = "<group>"; };
		EEB62F5918F10F9C00FBA33D /* PSTCollectionViewUpdateItem.h */ = {isa = PBXFileReference; fileEncoding = 4; lastKnownFileType = sourcecode.c.h; path = PSTCollectionViewUpdateItem.h; sourceTree = "<group>"; };
		EEB62F5A18F10F9C00FBA33D /* PSTCollectionViewUpdateItem.m */ = {isa = PBXFileReference; fileEncoding = 4; lastKnownFileType = sourcecode.c.objc; path = PSTCollectionViewUpdateItem.m; sourceTree = "<group>"; };
		EEB62F5B18F10F9C00FBA33D /* PSTGridLayoutInfo.h */ = {isa = PBXFileReference; fileEncoding = 4; lastKnownFileType = sourcecode.c.h; path = PSTGridLayoutInfo.h; sourceTree = "<group>"; };
		EEB62F5C18F10F9C00FBA33D /* PSTGridLayoutInfo.m */ = {isa = PBXFileReference; fileEncoding = 4; lastKnownFileType = sourcecode.c.objc; path = PSTGridLayoutInfo.m; sourceTree = "<group>"; };
		EEB62F5D18F10F9C00FBA33D /* PSTGridLayoutItem.h */ = {isa = PBXFileReference; fileEncoding = 4; lastKnownFileType = sourcecode.c.h; path = PSTGridLayoutItem.h; sourceTree = "<group>"; };
		EEB62F5E18F10F9C00FBA33D /* PSTGridLayoutItem.m */ = {isa = PBXFileReference; fileEncoding = 4; lastKnownFileType = sourcecode.c.objc; path = PSTGridLayoutItem.m; sourceTree = "<group>"; };
		EEB62F5F18F10F9C00FBA33D /* PSTGridLayoutRow.h */ = {isa = PBXFileReference; fileEncoding = 4; lastKnownFileType = sourcecode.c.h; path = PSTGridLayoutRow.h; sourceTree = "<group>"; };
		EEB62F6018F10F9C00FBA33D /* PSTGridLayoutRow.m */ = {isa = PBXFileReference; fileEncoding = 4; lastKnownFileType = sourcecode.c.objc; path = PSTGridLayoutRow.m; sourceTree = "<group>"; };
		EEB62F6118F10F9C00FBA33D /* PSTGridLayoutSection.h */ = {isa = PBXFileReference; fileEncoding = 4; lastKnownFileType = sourcecode.c.h; path = PSTGridLayoutSection.h; sourceTree = "<group>"; };
		EEB62F6218F10F9C00FBA33D /* PSTGridLayoutSection.m */ = {isa = PBXFileReference; fileEncoding = 4; lastKnownFileType = sourcecode.c.objc; path = PSTGridLayoutSection.m; sourceTree = "<group>"; };
		EEB62F6418F10F9C00FBA33D /* LICENSE */ = {isa = PBXFileReference; fileEncoding = 4; lastKnownFileType = text; path = LICENSE; sourceTree = "<group>"; };
		EEB62F6518F10F9C00FBA33D /* README.md */ = {isa = PBXFileReference; fileEncoding = 4; lastKnownFileType = text; path = README.md; sourceTree = "<group>"; };
		EEB62F6718F10F9C00FBA33D /* MKAnnotationView+WebCache.h */ = {isa = PBXFileReference; fileEncoding = 4; lastKnownFileType = sourcecode.c.h; path = "MKAnnotationView+WebCache.h"; sourceTree = "<group>"; };
		EEB62F6818F10F9C00FBA33D /* MKAnnotationView+WebCache.m */ = {isa = PBXFileReference; fileEncoding = 4; lastKnownFileType = sourcecode.c.objc; path = "MKAnnotationView+WebCache.m"; sourceTree = "<group>"; };
		EEB62F6918F10F9C00FBA33D /* NSData+GIF.h */ = {isa = PBXFileReference; fileEncoding = 4; lastKnownFileType = sourcecode.c.h; path = "NSData+GIF.h"; sourceTree = "<group>"; };
		EEB62F6A18F10F9C00FBA33D /* NSData+GIF.m */ = {isa = PBXFileReference; fileEncoding = 4; lastKnownFileType = sourcecode.c.objc; path = "NSData+GIF.m"; sourceTree = "<group>"; };
		EEB62F6B18F10F9C00FBA33D /* NSData+ImageContentType.h */ = {isa = PBXFileReference; fileEncoding = 4; lastKnownFileType = sourcecode.c.h; path = "NSData+ImageContentType.h"; sourceTree = "<group>"; };
		EEB62F6C18F10F9C00FBA33D /* NSData+ImageContentType.m */ = {isa = PBXFileReference; fileEncoding = 4; lastKnownFileType = sourcecode.c.objc; path = "NSData+ImageContentType.m"; sourceTree = "<group>"; };
		EEB62F6D18F10F9C00FBA33D /* SDImageCache.h */ = {isa = PBXFileReference; fileEncoding = 4; lastKnownFileType = sourcecode.c.h; path = SDImageCache.h; sourceTree = "<group>"; };
		EEB62F6E18F10F9C00FBA33D /* SDImageCache.m */ = {isa = PBXFileReference; fileEncoding = 4; lastKnownFileType = sourcecode.c.objc; path = SDImageCache.m; sourceTree = "<group>"; };
		EEB62F6F18F10F9C00FBA33D /* SDWebImageCompat.h */ = {isa = PBXFileReference; fileEncoding = 4; lastKnownFileType = sourcecode.c.h; path = SDWebImageCompat.h; sourceTree = "<group>"; };
		EEB62F7018F10F9C00FBA33D /* SDWebImageCompat.m */ = {isa = PBXFileReference; fileEncoding = 4; lastKnownFileType = sourcecode.c.objc; path = SDWebImageCompat.m; sourceTree = "<group>"; };
		EEB62F7118F10F9C00FBA33D /* SDWebImageDecoder.h */ = {isa = PBXFileReference; fileEncoding = 4; lastKnownFileType = sourcecode.c.h; path = SDWebImageDecoder.h; sourceTree = "<group>"; };
		EEB62F7218F10F9C00FBA33D /* SDWebImageDecoder.m */ = {isa = PBXFileReference; fileEncoding = 4; lastKnownFileType = sourcecode.c.objc; path = SDWebImageDecoder.m; sourceTree = "<group>"; };
		EEB62F7318F10F9C00FBA33D /* SDWebImageDownloader.h */ = {isa = PBXFileReference; fileEncoding = 4; lastKnownFileType = sourcecode.c.h; path = SDWebImageDownloader.h; sourceTree = "<group>"; };
		EEB62F7418F10F9C00FBA33D /* SDWebImageDownloader.m */ = {isa = PBXFileReference; fileEncoding = 4; lastKnownFileType = sourcecode.c.objc; path = SDWebImageDownloader.m; sourceTree = "<group>"; };
		EEB62F7518F10F9C00FBA33D /* SDWebImageDownloaderOperation.h */ = {isa = PBXFileReference; fileEncoding = 4; lastKnownFileType = sourcecode.c.h; path = SDWebImageDownloaderOperation.h; sourceTree = "<group>"; };
		EEB62F7618F10F9C00FBA33D /* SDWebImageDownloaderOperation.m */ = {isa = PBXFileReference; fileEncoding = 4; lastKnownFileType = sourcecode.c.objc; path = SDWebImageDownloaderOperation.m; sourceTree = "<group>"; };
		EEB62F7718F10F9C00FBA33D /* SDWebImageManager.h */ = {isa = PBXFileReference; fileEncoding = 4; lastKnownFileType = sourcecode.c.h; path = SDWebImageManager.h; sourceTree = "<group>"; };
		EEB62F7818F10F9C00FBA33D /* SDWebImageManager.m */ = {isa = PBXFileReference; fileEncoding = 4; lastKnownFileType = sourcecode.c.objc; path = SDWebImageManager.m; sourceTree = "<group>"; };
		EEB62F7918F10F9C00FBA33D /* SDWebImageOperation.h */ = {isa = PBXFileReference; fileEncoding = 4; lastKnownFileType = sourcecode.c.h; path = SDWebImageOperation.h; sourceTree = "<group>"; };
		EEB62F7A18F10F9C00FBA33D /* SDWebImagePrefetcher.h */ = {isa = PBXFileReference; fileEncoding = 4; lastKnownFileType = sourcecode.c.h; path = SDWebImagePrefetcher.h; sourceTree = "<group>"; };
		EEB62F7B18F10F9C00FBA33D /* SDWebImagePrefetcher.m */ = {isa = PBXFileReference; fileEncoding = 4; lastKnownFileType = sourcecode.c.objc; path = SDWebImagePrefetcher.m; sourceTree = "<group>"; };
		EEB62F7C18F10F9C00FBA33D /* UIButton+WebCache.h */ = {isa = PBXFileReference; fileEncoding = 4; lastKnownFileType = sourcecode.c.h; path = "UIButton+WebCache.h"; sourceTree = "<group>"; };
		EEB62F7D18F10F9C00FBA33D /* UIButton+WebCache.m */ = {isa = PBXFileReference; fileEncoding = 4; lastKnownFileType = sourcecode.c.objc; path = "UIButton+WebCache.m"; sourceTree = "<group>"; };
		EEB62F7E18F10F9C00FBA33D /* UIImage+GIF.h */ = {isa = PBXFileReference; fileEncoding = 4; lastKnownFileType = sourcecode.c.h; path = "UIImage+GIF.h"; sourceTree = "<group>"; };
		EEB62F7F18F10F9C00FBA33D /* UIImage+GIF.m */ = {isa = PBXFileReference; fileEncoding = 4; lastKnownFileType = sourcecode.c.objc; path = "UIImage+GIF.m"; sourceTree = "<group>"; };
		EEB62F8018F10F9C00FBA33D /* UIImage+MultiFormat.h */ = {isa = PBXFileReference; fileEncoding = 4; lastKnownFileType = sourcecode.c.h; path = "UIImage+MultiFormat.h"; sourceTree = "<group>"; };
		EEB62F8118F10F9C00FBA33D /* UIImage+MultiFormat.m */ = {isa = PBXFileReference; fileEncoding = 4; lastKnownFileType = sourcecode.c.objc; path = "UIImage+MultiFormat.m"; sourceTree = "<group>"; };
		EEB62F8218F10F9C00FBA33D /* UIImage+WebP.h */ = {isa = PBXFileReference; fileEncoding = 4; lastKnownFileType = sourcecode.c.h; path = "UIImage+WebP.h"; sourceTree = "<group>"; };
		EEB62F8318F10F9C00FBA33D /* UIImage+WebP.m */ = {isa = PBXFileReference; fileEncoding = 4; lastKnownFileType = sourcecode.c.objc; path = "UIImage+WebP.m"; sourceTree = "<group>"; };
		EEB62F8418F10F9C00FBA33D /* UIImageView+WebCache.h */ = {isa = PBXFileReference; fileEncoding = 4; lastKnownFileType = sourcecode.c.h; path = "UIImageView+WebCache.h"; sourceTree = "<group>"; };
		EEB62F8518F10F9C00FBA33D /* UIImageView+WebCache.m */ = {isa = PBXFileReference; fileEncoding = 4; lastKnownFileType = sourcecode.c.objc; path = "UIImageView+WebCache.m"; sourceTree = "<group>"; };
		EEB62F8618F10F9C00FBA33D /* MWPhotoBrowser.bundle */ = {isa = PBXFileReference; lastKnownFileType = "wrapper.plug-in"; path = MWPhotoBrowser.bundle; sourceTree = "<group>"; };
		EEB62FB418F1114700FBA33D /* hotel1.jpeg */ = {isa = PBXFileReference; lastKnownFileType = image.jpeg; path = hotel1.jpeg; sourceTree = "<group>"; };
		EEB62FB518F1114700FBA33D /* hotel2.jpeg */ = {isa = PBXFileReference; lastKnownFileType = image.jpeg; path = hotel2.jpeg; sourceTree = "<group>"; };
		EEB62FB618F1114700FBA33D /* hotel3.jpeg */ = {isa = PBXFileReference; lastKnownFileType = image.jpeg; path = hotel3.jpeg; sourceTree = "<group>"; };
		EEB62FB718F1114700FBA33D /* hotel4.jpeg */ = {isa = PBXFileReference; lastKnownFileType = image.jpeg; path = hotel4.jpeg; sourceTree = "<group>"; };
		EEB62FB818F1114700FBA33D /* hotel5.jpeg */ = {isa = PBXFileReference; lastKnownFileType = image.jpeg; path = hotel5.jpeg; sourceTree = "<group>"; };
		EEB62FBE18F12B1900FBA33D /* HMSWebViewController.h */ = {isa = PBXFileReference; fileEncoding = 4; lastKnownFileType = sourcecode.c.h; path = HMSWebViewController.h; sourceTree = "<group>"; };
		EEB62FBF18F12B1900FBA33D /* HMSWebViewController.m */ = {isa = PBXFileReference; fileEncoding = 4; lastKnownFileType = sourcecode.c.objc; path = HMSWebViewController.m; sourceTree = "<group>"; };
		EEEE6448190FADFB002AC214 /* HMSCommentViewController.h */ = {isa = PBXFileReference; fileEncoding = 4; lastKnownFileType = sourcecode.c.h; path = HMSCommentViewController.h; sourceTree = "<group>"; };
		EEEE6449190FADFB002AC214 /* HMSCommentViewController.m */ = {isa = PBXFileReference; fileEncoding = 4; lastKnownFileType = sourcecode.c.objc; path = HMSCommentViewController.m; sourceTree = "<group>"; };
/* End PBXFileReference section */

/* Begin PBXFrameworksBuildPhase section */
		EE6DA3EB18D9907300970A22 /* Frameworks */ = {
			isa = PBXFrameworksBuildPhase;
			buildActionMask = 2147483647;
			files = (
				EE6D4A3D1903AF31005B8EBE /* MapKit.framework in Frameworks */,
				EE6D4A3B1903AF27005B8EBE /* CoreLocation.framework in Frameworks */,
				EE0341EA18DC68E400EA4F4D /* QuartzCore.framework in Frameworks */,
				EE6DA3F418D9907300970A22 /* CoreGraphics.framework in Frameworks */,
				EE6DA3F618D9907300970A22 /* UIKit.framework in Frameworks */,
				EE6DA3F218D9907300970A22 /* Foundation.framework in Frameworks */,
				17DE8611FF5748B3B91DAC7D /* libPods.a in Frameworks */,
			);
			runOnlyForDeploymentPostprocessing = 0;
		};
		EE6DA40F18D9907300970A22 /* Frameworks */ = {
			isa = PBXFrameworksBuildPhase;
			buildActionMask = 2147483647;
			files = (
				EE6DA41418D9907300970A22 /* XCTest.framework in Frameworks */,
				EE6DA41618D9907300970A22 /* UIKit.framework in Frameworks */,
				EE6DA41518D9907300970A22 /* Foundation.framework in Frameworks */,
			);
			runOnlyForDeploymentPostprocessing = 0;
		};
/* End PBXFrameworksBuildPhase section */

/* Begin PBXGroup section */
		EE0341D618DC129B00EA4F4D /* Model */ = {
			isa = PBXGroup;
			children = (
				EE6D78BC18EFD919006AC569 /* HMSHotel.h */,
				EE6D78BD18EFD919006AC569 /* HMSHotel.m */,
				EE6D78BE18EFD919006AC569 /* HMSRoom.h */,
				EE6D78BF18EFD919006AC569 /* HMSRoom.m */,
				EE98FAF518F5ADC900783F7F /* HMSComment.h */,
				EE98FAF618F5ADC900783F7F /* HMSComment.m */,
			);
			name = Model;
			sourceTree = "<group>";
		};
		EE0341D718DC12E400EA4F4D /* Controller */ = {
			isa = PBXGroup;
			children = (
				109BC2D419140F5C003097AA /* ic_phone.png */,
				109BC2D519140F5C003097AA /* cellstylebg.png */,
				109BC2D619140F5C003097AA /* ic_heart.png */,
				109BC2D719140F5C003097AA /* ic_search.png */,
				EE6D78C818EFD9E1006AC569 /* HMSMasterViewController.h */,
				EE6D78C918EFD9E1006AC569 /* HMSMasterViewController.m */,
				EE6D78CA18EFD9E1006AC569 /* HMSDetailViewController.h */,
				EE6D78CB18EFD9E1006AC569 /* HMSDetailViewController.m */,
				EE6D78CC18EFD9E1006AC569 /* HMSHotelViewController.h */,
				EE6D78CD18EFD9E1006AC569 /* HMSHotelViewController.m */,
				EE6D78CE18EFD9E1006AC569 /* HMSSidePanelController.h */,
				EE6D78CF18EFD9E1006AC569 /* HMSSidePanelController.m */,
				EE6D78D018EFD9E1006AC569 /* HMSMenuPanelTableViewController.h */,
				EE6D78D118EFD9E1006AC569 /* HMSMenuPanelTableViewController.m */,
				EE6D78D218EFD9E1006AC569 /* HMSShakerViewController.h */,
				EE6D78D318EFD9E1006AC569 /* HMSShakerViewController.m */,
				EE6D78D418EFD9E1006AC569 /* HMSFavouriteTableViewController.h */,
				EE6D78D518EFD9E1006AC569 /* HMSFavouriteTableViewController.m */,
				EE6D78D818EFD9E1006AC569 /* HMSTabBarController.h */,
				EE6D78D918EFD9E1006AC569 /* HMSTabBarController.m */,
				EEB62FBE18F12B1900FBA33D /* HMSWebViewController.h */,
				EEB62FBF18F12B1900FBA33D /* HMSWebViewController.m */,
				EEEE6448190FADFB002AC214 /* HMSCommentViewController.h */,
				EEEE6449190FADFB002AC214 /* HMSCommentViewController.m */,
			);
			name = Controller;
			sourceTree = "<group>";
		};
		EE0341DE18DC592A00EA4F4D /* Helper */ = {
			isa = PBXGroup;
			children = (
				EE0341DF18DC595F00EA4F4D /* HMSHelperIndexedList.h */,
				EE0341E018DC595F00EA4F4D /* HMSHelperIndexedList.m */,
				97B13EDD1911403300ACC622 /* HMSModelHelper.h */,
				97B13EDE1911403300ACC622 /* HMSModelHelper.m */,
				EE2817A1190CCAC7000AA99A /* HMSMathHelper.h */,
				EE2817A2190CCAC7000AA99A /* HMSMathHelper.m */,
			);
			name = Helper;
			sourceTree = "<group>";
		};
		EE0341E518DC657700EA4F4D /* JASidePanels */ = {
			isa = PBXGroup;
			children = (
				EE6D78C218EFD929006AC569 /* JASidePanelController.h */,
				EE6D78C318EFD929006AC569 /* JASidePanelController.m */,
				EE6D78C418EFD929006AC569 /* UIViewController+JASidePanel.h */,
				EE6D78C518EFD929006AC569 /* UIViewController+JASidePanel.m */,
			);
			name = JASidePanels;
			sourceTree = "<group>";
		};
		EE6D4A411903C770005B8EBE /* JPSThumbnailAnnotation */ = {
			isa = PBXGroup;
			children = (
				EE6D4A421903C770005B8EBE /* JPSThumbnail.h */,
				EE6D4A431903C770005B8EBE /* JPSThumbnailAnnotation.h */,
				EE6D4A441903C770005B8EBE /* JPSThumbnailAnnotation.m */,
				EE6D4A451903C770005B8EBE /* JPSThumbnailAnnotationView.h */,
				EE6D4A461903C770005B8EBE /* JPSThumbnailAnnotationView.m */,
				EE6D4A471903C770005B8EBE /* JPSThumnail.m */,
			);
			path = JPSThumbnailAnnotation;
			sourceTree = "<group>";
		};
		EE6D4A4B19042487005B8EBE /* MDRadialProgress */ = {
			isa = PBXGroup;
			children = (
				EE6D4A4C19042495005B8EBE /* MDRadialProgressLabel.h */,
				EE6D4A4D19042495005B8EBE /* MDRadialProgressLabel.m */,
				EE6D4A4E19042495005B8EBE /* MDRadialProgressTheme.h */,
				EE6D4A4F19042495005B8EBE /* MDRadialProgressTheme.m */,
				EE6D4A5019042495005B8EBE /* MDRadialProgressView.h */,
				EE6D4A5119042495005B8EBE /* MDRadialProgressView.m */,
			);
			name = MDRadialProgress;
			sourceTree = "<group>";
		};
		EE6DA3E518D9907300970A22 = {
			isa = PBXGroup;
			children = (
				EE6DA3F718D9907300970A22 /* HMS */,
				EE6DA41918D9907300970A22 /* HMSTests */,
				EE6DA3F018D9907300970A22 /* Frameworks */,
				EE6DA3EF18D9907300970A22 /* Products */,
				A12756DFBC1042BF8264EFEC /* Pods.xcconfig */,
			);
			sourceTree = "<group>";
		};
		EE6DA3EF18D9907300970A22 /* Products */ = {
			isa = PBXGroup;
			children = (
				EE6DA3EE18D9907300970A22 /* HMS.app */,
				EE6DA41218D9907300970A22 /* HMSTests.xctest */,
			);
			name = Products;
			sourceTree = "<group>";
		};
		EE6DA3F018D9907300970A22 /* Frameworks */ = {
			isa = PBXGroup;
			children = (
				EE6D4A3C1903AF31005B8EBE /* MapKit.framework */,
				EE6D4A3A1903AF27005B8EBE /* CoreLocation.framework */,
				EE0341E918DC68E400EA4F4D /* QuartzCore.framework */,
				EE6DA3F118D9907300970A22 /* Foundation.framework */,
				EE6DA3F318D9907300970A22 /* CoreGraphics.framework */,
				EE6DA3F518D9907300970A22 /* UIKit.framework */,
				EE6DA41318D9907300970A22 /* XCTest.framework */,
				9587A17E0DBF40A391D28720 /* libPods.a */,
			);
			name = Frameworks;
			sourceTree = "<group>";
		};
		EE6DA3F718D9907300970A22 /* HMS */ = {
			isa = PBXGroup;
			children = (
				EE6D4A4B19042487005B8EBE /* MDRadialProgress */,
				EE6D4A411903C770005B8EBE /* JPSThumbnailAnnotation */,
				EEB62FB318F1110E00FBA33D /* Images */,
				EEB62F2718F10F0600FBA33D /* MWPhotoBrowser */,
				EE0341E518DC657700EA4F4D /* JASidePanels */,
				EE0341DE18DC592A00EA4F4D /* Helper */,
				EE0341D718DC12E400EA4F4D /* Controller */,
				EE0341D618DC129B00EA4F4D /* Model */,
				EE6DA40018D9907300970A22 /* HMSAppDelegate.h */,
				EE6DA40118D9907300970A22 /* HMSAppDelegate.m */,
				EE6DA40318D9907300970A22 /* Main.storyboard */,
				EE6DA40C18D9907300970A22 /* Images.xcassets */,
				EE6DA3F818D9907300970A22 /* Supporting Files */,
			);
			path = HMS;
			sourceTree = "<group>";
		};
		EE6DA3F818D9907300970A22 /* Supporting Files */ = {
			isa = PBXGroup;
			children = (
				EE6DA3F918D9907300970A22 /* HMS-Info.plist */,
				EE6DA3FA18D9907300970A22 /* InfoPlist.strings */,
				EE6DA3FD18D9907300970A22 /* main.m */,
				EE6DA3FF18D9907300970A22 /* HMS-Prefix.pch */,
			);
			name = "Supporting Files";
			sourceTree = "<group>";
		};
		EE6DA41918D9907300970A22 /* HMSTests */ = {
			isa = PBXGroup;
			children = (
				EE6DA41F18D9907300970A22 /* HMSTests.m */,
				EE6DA41A18D9907300970A22 /* Supporting Files */,
			);
			path = HMSTests;
			sourceTree = "<group>";
		};
		EE6DA41A18D9907300970A22 /* Supporting Files */ = {
			isa = PBXGroup;
			children = (
				EE6DA41B18D9907300970A22 /* HMSTests-Info.plist */,
				EE6DA41C18D9907300970A22 /* InfoPlist.strings */,
			);
			name = "Supporting Files";
			sourceTree = "<group>";
		};
		EEB62F2718F10F0600FBA33D /* MWPhotoBrowser */ = {
			isa = PBXGroup;
			children = (
				EEB62F2A18F10F9C00FBA33D /* Classes */,
				EEB62F3E18F10F9C00FBA33D /* Libraries */,
				EEB62F8618F10F9C00FBA33D /* MWPhotoBrowser.bundle */,
			);
			name = MWPhotoBrowser;
			sourceTree = "<group>";
		};
		EEB62F2A18F10F9C00FBA33D /* Classes */ = {
			isa = PBXGroup;
			children = (
				EEB62F2B18F10F9C00FBA33D /* MWCaptionView.h */,
				EEB62F2C18F10F9C00FBA33D /* MWCaptionView.m */,
				EEB62F2D18F10F9C00FBA33D /* MWCommon.h */,
				EEB62F2E18F10F9C00FBA33D /* MWGridCell.h */,
				EEB62F2F18F10F9C00FBA33D /* MWGridCell.m */,
				EEB62F3018F10F9C00FBA33D /* MWGridViewController.h */,
				EEB62F3118F10F9C00FBA33D /* MWGridViewController.m */,
				EEB62F3218F10F9C00FBA33D /* MWPhoto.h */,
				EEB62F3318F10F9C00FBA33D /* MWPhoto.m */,
				EEB62F3418F10F9C00FBA33D /* MWPhotoBrowser.h */,
				EEB62F3518F10F9C00FBA33D /* MWPhotoBrowser.m */,
				EEB62F3618F10F9C00FBA33D /* MWPhotoBrowserPrivate.h */,
				EEB62F3718F10F9C00FBA33D /* MWPhotoProtocol.h */,
				EEB62F3818F10F9C00FBA33D /* MWTapDetectingImageView.h */,
				EEB62F3918F10F9C00FBA33D /* MWTapDetectingImageView.m */,
				EEB62F3A18F10F9C00FBA33D /* MWTapDetectingView.h */,
				EEB62F3B18F10F9C00FBA33D /* MWTapDetectingView.m */,
				EEB62F3C18F10F9C00FBA33D /* MWZoomingScrollView.h */,
				EEB62F3D18F10F9C00FBA33D /* MWZoomingScrollView.m */,
			);
			path = Classes;
			sourceTree = "<group>";
		};
		EEB62F3E18F10F9C00FBA33D /* Libraries */ = {
			isa = PBXGroup;
			children = (
				EEB62F3F18F10F9C00FBA33D /* DACircularProgress */,
				EEB62F4218F10F9C00FBA33D /* MBProgressHUD */,
				EEB62F4618F10F9C00FBA33D /* PSTCollectionView */,
				EEB62F6318F10F9C00FBA33D /* SDWebImage */,
			);
			path = Libraries;
			sourceTree = "<group>";
		};
		EEB62F3F18F10F9C00FBA33D /* DACircularProgress */ = {
			isa = PBXGroup;
			children = (
				EEB62F4018F10F9C00FBA33D /* DACircularProgressView.h */,
				EEB62F4118F10F9C00FBA33D /* DACircularProgressView.m */,
			);
			path = DACircularProgress;
			sourceTree = "<group>";
		};
		EEB62F4218F10F9C00FBA33D /* MBProgressHUD */ = {
			isa = PBXGroup;
			children = (
				EEB62F4318F10F9C00FBA33D /* MBProgressHUD.h */,
				EEB62F4418F10F9C00FBA33D /* MBProgressHUD.m */,
				EEB62F4518F10F9C00FBA33D /* README.mdown */,
			);
			path = MBProgressHUD;
			sourceTree = "<group>";
		};
		EEB62F4618F10F9C00FBA33D /* PSTCollectionView */ = {
			isa = PBXGroup;
			children = (
				EEB62F4718F10F9C00FBA33D /* NSIndexPath+PSTCollectionViewAdditions.h */,
				EEB62F4818F10F9C00FBA33D /* NSIndexPath+PSTCollectionViewAdditions.m */,
				EEB62F4918F10F9C00FBA33D /* PSTCollectionView.h */,
				EEB62F4A18F10F9C00FBA33D /* PSTCollectionView.m */,
				EEB62F4B18F10F9C00FBA33D /* PSTCollectionViewCell.h */,
				EEB62F4C18F10F9C00FBA33D /* PSTCollectionViewCell.m */,
				EEB62F4D18F10F9C00FBA33D /* PSTCollectionViewCommon.h */,
				EEB62F4E18F10F9C00FBA33D /* PSTCollectionViewController.h */,
				EEB62F4F18F10F9C00FBA33D /* PSTCollectionViewController.m */,
				EEB62F5018F10F9C00FBA33D /* PSTCollectionViewData.h */,
				EEB62F5118F10F9C00FBA33D /* PSTCollectionViewData.m */,
				EEB62F5218F10F9C00FBA33D /* PSTCollectionViewFlowLayout.h */,
				EEB62F5318F10F9C00FBA33D /* PSTCollectionViewFlowLayout.m */,
				EEB62F5418F10F9C00FBA33D /* PSTCollectionViewItemKey.h */,
				EEB62F5518F10F9C00FBA33D /* PSTCollectionViewItemKey.m */,
				EEB62F5618F10F9C00FBA33D /* PSTCollectionViewLayout+Internals.h */,
				EEB62F5718F10F9C00FBA33D /* PSTCollectionViewLayout.h */,
				EEB62F5818F10F9C00FBA33D /* PSTCollectionViewLayout.m */,
				EEB62F5918F10F9C00FBA33D /* PSTCollectionViewUpdateItem.h */,
				EEB62F5A18F10F9C00FBA33D /* PSTCollectionViewUpdateItem.m */,
				EEB62F5B18F10F9C00FBA33D /* PSTGridLayoutInfo.h */,
				EEB62F5C18F10F9C00FBA33D /* PSTGridLayoutInfo.m */,
				EEB62F5D18F10F9C00FBA33D /* PSTGridLayoutItem.h */,
				EEB62F5E18F10F9C00FBA33D /* PSTGridLayoutItem.m */,
				EEB62F5F18F10F9C00FBA33D /* PSTGridLayoutRow.h */,
				EEB62F6018F10F9C00FBA33D /* PSTGridLayoutRow.m */,
				EEB62F6118F10F9C00FBA33D /* PSTGridLayoutSection.h */,
				EEB62F6218F10F9C00FBA33D /* PSTGridLayoutSection.m */,
			);
			path = PSTCollectionView;
			sourceTree = "<group>";
		};
		EEB62F6318F10F9C00FBA33D /* SDWebImage */ = {
			isa = PBXGroup;
			children = (
				EEB62F6418F10F9C00FBA33D /* LICENSE */,
				EEB62F6518F10F9C00FBA33D /* README.md */,
				EEB62F6618F10F9C00FBA33D /* SDWebImage */,
			);
			path = SDWebImage;
			sourceTree = "<group>";
		};
		EEB62F6618F10F9C00FBA33D /* SDWebImage */ = {
			isa = PBXGroup;
			children = (
				EEB62F6718F10F9C00FBA33D /* MKAnnotationView+WebCache.h */,
				EEB62F6818F10F9C00FBA33D /* MKAnnotationView+WebCache.m */,
				EEB62F6918F10F9C00FBA33D /* NSData+GIF.h */,
				EEB62F6A18F10F9C00FBA33D /* NSData+GIF.m */,
				EEB62F6B18F10F9C00FBA33D /* NSData+ImageContentType.h */,
				EEB62F6C18F10F9C00FBA33D /* NSData+ImageContentType.m */,
				EEB62F6D18F10F9C00FBA33D /* SDImageCache.h */,
				EEB62F6E18F10F9C00FBA33D /* SDImageCache.m */,
				EEB62F6F18F10F9C00FBA33D /* SDWebImageCompat.h */,
				EEB62F7018F10F9C00FBA33D /* SDWebImageCompat.m */,
				EEB62F7118F10F9C00FBA33D /* SDWebImageDecoder.h */,
				EEB62F7218F10F9C00FBA33D /* SDWebImageDecoder.m */,
				EEB62F7318F10F9C00FBA33D /* SDWebImageDownloader.h */,
				EEB62F7418F10F9C00FBA33D /* SDWebImageDownloader.m */,
				EEB62F7518F10F9C00FBA33D /* SDWebImageDownloaderOperation.h */,
				EEB62F7618F10F9C00FBA33D /* SDWebImageDownloaderOperation.m */,
				EEB62F7718F10F9C00FBA33D /* SDWebImageManager.h */,
				EEB62F7818F10F9C00FBA33D /* SDWebImageManager.m */,
				EEB62F7918F10F9C00FBA33D /* SDWebImageOperation.h */,
				EEB62F7A18F10F9C00FBA33D /* SDWebImagePrefetcher.h */,
				EEB62F7B18F10F9C00FBA33D /* SDWebImagePrefetcher.m */,
				EEB62F7C18F10F9C00FBA33D /* UIButton+WebCache.h */,
				EEB62F7D18F10F9C00FBA33D /* UIButton+WebCache.m */,
				EEB62F7E18F10F9C00FBA33D /* UIImage+GIF.h */,
				EEB62F7F18F10F9C00FBA33D /* UIImage+GIF.m */,
				EEB62F8018F10F9C00FBA33D /* UIImage+MultiFormat.h */,
				EEB62F8118F10F9C00FBA33D /* UIImage+MultiFormat.m */,
				EEB62F8218F10F9C00FBA33D /* UIImage+WebP.h */,
				EEB62F8318F10F9C00FBA33D /* UIImage+WebP.m */,
				EEB62F8418F10F9C00FBA33D /* UIImageView+WebCache.h */,
				EEB62F8518F10F9C00FBA33D /* UIImageView+WebCache.m */,
			);
			path = SDWebImage;
			sourceTree = "<group>";
		};
		EEB62FB318F1110E00FBA33D /* Images */ = {
			isa = PBXGroup;
			children = (
				EEB62FB418F1114700FBA33D /* hotel1.jpeg */,
				EEB62FB518F1114700FBA33D /* hotel2.jpeg */,
				EEB62FB618F1114700FBA33D /* hotel3.jpeg */,
				EEB62FB718F1114700FBA33D /* hotel4.jpeg */,
				EEB62FB818F1114700FBA33D /* hotel5.jpeg */,
			);
			name = Images;
			sourceTree = "<group>";
		};
/* End PBXGroup section */

/* Begin PBXNativeTarget section */
		EE6DA3ED18D9907300970A22 /* HMS */ = {
			isa = PBXNativeTarget;
			buildConfigurationList = EE6DA42318D9907300970A22 /* Build configuration list for PBXNativeTarget "HMS" */;
			buildPhases = (
				7FF675E9BE2C469EAD16C0C5 /* Check Pods Manifest.lock */,
				EE6DA3EA18D9907300970A22 /* Sources */,
				EE6DA3EB18D9907300970A22 /* Frameworks */,
				EE6DA3EC18D9907300970A22 /* Resources */,
				E512CDAD14EA46C1A9AEE6C4 /* Copy Pods Resources */,
			);
			buildRules = (
			);
			dependencies = (
			);
			name = HMS;
			productName = HMS;
			productReference = EE6DA3EE18D9907300970A22 /* HMS.app */;
			productType = "com.apple.product-type.application";
		};
		EE6DA41118D9907300970A22 /* HMSTests */ = {
			isa = PBXNativeTarget;
			buildConfigurationList = EE6DA42618D9907300970A22 /* Build configuration list for PBXNativeTarget "HMSTests" */;
			buildPhases = (
				EE6DA40E18D9907300970A22 /* Sources */,
				EE6DA40F18D9907300970A22 /* Frameworks */,
				EE6DA41018D9907300970A22 /* Resources */,
			);
			buildRules = (
			);
			dependencies = (
				EE6DA41818D9907300970A22 /* PBXTargetDependency */,
			);
			name = HMSTests;
			productName = HMSTests;
			productReference = EE6DA41218D9907300970A22 /* HMSTests.xctest */;
			productType = "com.apple.product-type.bundle.unit-test";
		};
/* End PBXNativeTarget section */

/* Begin PBXProject section */
		EE6DA3E618D9907300970A22 /* Project object */ = {
			isa = PBXProject;
			attributes = {
				CLASSPREFIX = HMS;
				LastUpgradeCheck = 0510;
				ORGANIZATIONNAME = flav;
				TargetAttributes = {
					EE6DA41118D9907300970A22 = {
						TestTargetID = EE6DA3ED18D9907300970A22;
					};
				};
			};
			buildConfigurationList = EE6DA3E918D9907300970A22 /* Build configuration list for PBXProject "HMS" */;
			compatibilityVersion = "Xcode 3.2";
			developmentRegion = English;
			hasScannedForEncodings = 0;
			knownRegions = (
				en,
				Base,
			);
			mainGroup = EE6DA3E518D9907300970A22;
			productRefGroup = EE6DA3EF18D9907300970A22 /* Products */;
			projectDirPath = "";
			projectRoot = "";
			targets = (
				EE6DA3ED18D9907300970A22 /* HMS */,
				EE6DA41118D9907300970A22 /* HMSTests */,
			);
		};
/* End PBXProject section */

/* Begin PBXResourcesBuildPhase section */
		EE6DA3EC18D9907300970A22 /* Resources */ = {
			isa = PBXResourcesBuildPhase;
			buildActionMask = 2147483647;
			files = (
				EEB62FBD18F1114700FBA33D /* hotel5.jpeg in Resources */,
				109BC2DB19140F5C003097AA /* ic_search.png in Resources */,
				EEB62FBA18F1114700FBA33D /* hotel2.jpeg in Resources */,
				109BC2D919140F5C003097AA /* cellstylebg.png in Resources */,
				EEB62FBC18F1114700FBA33D /* hotel4.jpeg in Resources */,
				EEB62FA018F10F9C00FBA33D /* README.md in Resources */,
				EE6DA40D18D9907300970A22 /* Images.xcassets in Resources */,
				EEB62F9118F10F9C00FBA33D /* README.mdown in Resources */,
				109BC2D819140F5C003097AA /* ic_phone.png in Resources */,
				EEB62FBB18F1114700FBA33D /* hotel3.jpeg in Resources */,
				EEB62FB018F10F9C00FBA33D /* MWPhotoBrowser.bundle in Resources */,
				EEB62FB918F1114700FBA33D /* hotel1.jpeg in Resources */,
				EE6DA3FC18D9907300970A22 /* InfoPlist.strings in Resources */,
				109BC2DA19140F5C003097AA /* ic_heart.png in Resources */,
				EE6DA40518D9907300970A22 /* Main.storyboard in Resources */,
				EEB62F9F18F10F9C00FBA33D /* LICENSE in Resources */,
			);
			runOnlyForDeploymentPostprocessing = 0;
		};
		EE6DA41018D9907300970A22 /* Resources */ = {
			isa = PBXResourcesBuildPhase;
			buildActionMask = 2147483647;
			files = (
				EE6DA41E18D9907300970A22 /* InfoPlist.strings in Resources */,
			);
			runOnlyForDeploymentPostprocessing = 0;
		};
/* End PBXResourcesBuildPhase section */

/* Begin PBXShellScriptBuildPhase section */
		7FF675E9BE2C469EAD16C0C5 /* Check Pods Manifest.lock */ = {
			isa = PBXShellScriptBuildPhase;
			buildActionMask = 2147483647;
			files = (
			);
			inputPaths = (
			);
			name = "Check Pods Manifest.lock";
			outputPaths = (
			);
			runOnlyForDeploymentPostprocessing = 0;
			shellPath = /bin/sh;
			shellScript = "diff \"${PODS_ROOT}/../Podfile.lock\" \"${PODS_ROOT}/Manifest.lock\" > /dev/null\nif [[ $? != 0 ]] ; then\n    cat << EOM\nerror: The sandbox is not in sync with the Podfile.lock. Run 'pod install' or update your CocoaPods installation.\nEOM\n    exit 1\nfi\n";
			showEnvVarsInLog = 0;
		};
		E512CDAD14EA46C1A9AEE6C4 /* Copy Pods Resources */ = {
			isa = PBXShellScriptBuildPhase;
			buildActionMask = 2147483647;
			files = (
			);
			inputPaths = (
			);
			name = "Copy Pods Resources";
			outputPaths = (
			);
			runOnlyForDeploymentPostprocessing = 0;
			shellPath = /bin/sh;
			shellScript = "\"${SRCROOT}/Pods/Pods-resources.sh\"\n";
			showEnvVarsInLog = 0;
		};
/* End PBXShellScriptBuildPhase section */

/* Begin PBXSourcesBuildPhase section */
		EE6DA3EA18D9907300970A22 /* Sources */ = {
			isa = PBXSourcesBuildPhase;
			buildActionMask = 2147483647;
			files = (
				EEB62FAD18F10F9C00FBA33D /* UIImage+MultiFormat.m in Sources */,
				EEEE644A190FADFB002AC214 /* HMSCommentViewController.m in Sources */,
				EEB62FA718F10F9C00FBA33D /* SDWebImageDownloader.m in Sources */,
				EE6D4A4A1903C770005B8EBE /* JPSThumnail.m in Sources */,
				EEB62FAE18F10F9C00FBA33D /* UIImage+WebP.m in Sources */,
				EE6D78C718EFD929006AC569 /* UIViewController+JASidePanel.m in Sources */,
				EEB62F8718F10F9C00FBA33D /* MWCaptionView.m in Sources */,
				EEB62F8818F10F9C00FBA33D /* MWGridCell.m in Sources */,
				EEB62FA318F10F9C00FBA33D /* NSData+ImageContentType.m in Sources */,
				EE2817A3190CCAC7000AA99A /* HMSMathHelper.m in Sources */,
				EEB62F8C18F10F9C00FBA33D /* MWTapDetectingImageView.m in Sources */,
				EEB62FA818F10F9C00FBA33D /* SDWebImageDownloaderOperation.m in Sources */,
				EE6D78C018EFD919006AC569 /* HMSHotel.m in Sources */,
				EEB62FA618F10F9C00FBA33D /* SDWebImageDecoder.m in Sources */,
				EEB62F9D18F10F9C00FBA33D /* PSTGridLayoutRow.m in Sources */,
				EE6DA3FE18D9907300970A22 /* main.m in Sources */,
				EE6D4A5219042495005B8EBE /* MDRadialProgressLabel.m in Sources */,
				EEB62F8B18F10F9C00FBA33D /* MWPhotoBrowser.m in Sources */,
				EEB62F8A18F10F9C00FBA33D /* MWPhoto.m in Sources */,
				EEB62F9B18F10F9C00FBA33D /* PSTGridLayoutInfo.m in Sources */,
				EEB62F9018F10F9C00FBA33D /* MBProgressHUD.m in Sources */,
				EEB62F8E18F10F9C00FBA33D /* MWZoomingScrollView.m in Sources */,
				EEB62FAB18F10F9C00FBA33D /* UIButton+WebCache.m in Sources */,
				EEB62F9218F10F9C00FBA33D /* NSIndexPath+PSTCollectionViewAdditions.m in Sources */,
				EEB62F9718F10F9C00FBA33D /* PSTCollectionViewFlowLayout.m in Sources */,
				EEB62F8F18F10F9C00FBA33D /* DACircularProgressView.m in Sources */,
				EE6D4A491903C770005B8EBE /* JPSThumbnailAnnotationView.m in Sources */,
				EE6DA40218D9907300970A22 /* HMSAppDelegate.m in Sources */,
				EEB62F9818F10F9C00FBA33D /* PSTCollectionViewItemKey.m in Sources */,
				EEB62FA218F10F9C00FBA33D /* NSData+GIF.m in Sources */,
				EEB62F8918F10F9C00FBA33D /* MWGridViewController.m in Sources */,
				EE6D78DE18EFD9E1006AC569 /* HMSMenuPanelTableViewController.m in Sources */,
				EEB62F9918F10F9C00FBA33D /* PSTCollectionViewLayout.m in Sources */,
				EEB62F9A18F10F9C00FBA33D /* PSTCollectionViewUpdateItem.m in Sources */,
				EEB62F9E18F10F9C00FBA33D /* PSTGridLayoutSection.m in Sources */,
				EEB62F9518F10F9C00FBA33D /* PSTCollectionViewController.m in Sources */,
				97B13EDF1911403300ACC622 /* HMSModelHelper.m in Sources */,
				EEB62F9318F10F9C00FBA33D /* PSTCollectionView.m in Sources */,
				EE0341E118DC595F00EA4F4D /* HMSHelperIndexedList.m in Sources */,
				EEB62F9C18F10F9C00FBA33D /* PSTGridLayoutItem.m in Sources */,
				EEB62FAC18F10F9C00FBA33D /* UIImage+GIF.m in Sources */,
				EE6D78C118EFD919006AC569 /* HMSRoom.m in Sources */,
				EEB62FA918F10F9C00FBA33D /* SDWebImageManager.m in Sources */,
				EE6D4A5319042495005B8EBE /* MDRadialProgressTheme.m in Sources */,
				EE6D78E218EFD9E1006AC569 /* HMSTabBarController.m in Sources */,
				EE6D78DC18EFD9E1006AC569 /* HMSHotelViewController.m in Sources */,
				EE6D78DB18EFD9E1006AC569 /* HMSDetailViewController.m in Sources */,
				EEB62FA518F10F9C00FBA33D /* SDWebImageCompat.m in Sources */,
				EE6D78DF18EFD9E1006AC569 /* HMSShakerViewController.m in Sources */,
				EE6D78E018EFD9E1006AC569 /* HMSFavouriteTableViewController.m in Sources */,
				EE6D4A5419042495005B8EBE /* MDRadialProgressView.m in Sources */,
				EEB62FA118F10F9C00FBA33D /* MKAnnotationView+WebCache.m in Sources */,
				EE6D78DD18EFD9E1006AC569 /* HMSSidePanelController.m in Sources */,
				EE6D4A481903C770005B8EBE /* JPSThumbnailAnnotation.m in Sources */,
				EE6D78C618EFD929006AC569 /* JASidePanelController.m in Sources */,
				EEB62FAA18F10F9C00FBA33D /* SDWebImagePrefetcher.m in Sources */,
				EEB62F9418F10F9C00FBA33D /* PSTCollectionViewCell.m in Sources */,
				EEB62F9618F10F9C00FBA33D /* PSTCollectionViewData.m in Sources */,
				EEB62FAF18F10F9C00FBA33D /* UIImageView+WebCache.m in Sources */,
				EEB62FC018F12B1900FBA33D /* HMSWebViewController.m in Sources */,
				EE98FAF718F5ADC900783F7F /* HMSComment.m in Sources */,
				EEB62FA418F10F9C00FBA33D /* SDImageCache.m in Sources */,
				EEB62F8D18F10F9C00FBA33D /* MWTapDetectingView.m in Sources */,
				EE6D78DA18EFD9E1006AC569 /* HMSMasterViewController.m in Sources */,
			);
			runOnlyForDeploymentPostprocessing = 0;
		};
		EE6DA40E18D9907300970A22 /* Sources */ = {
			isa = PBXSourcesBuildPhase;
			buildActionMask = 2147483647;
			files = (
				EE6DA42018D9907300970A22 /* HMSTests.m in Sources */,
			);
			runOnlyForDeploymentPostprocessing = 0;
		};
/* End PBXSourcesBuildPhase section */

/* Begin PBXTargetDependency section */
		EE6DA41818D9907300970A22 /* PBXTargetDependency */ = {
			isa = PBXTargetDependency;
			target = EE6DA3ED18D9907300970A22 /* HMS */;
			targetProxy = EE6DA41718D9907300970A22 /* PBXContainerItemProxy */;
		};
/* End PBXTargetDependency section */

/* Begin PBXVariantGroup section */
		EE6DA3FA18D9907300970A22 /* InfoPlist.strings */ = {
			isa = PBXVariantGroup;
			children = (
				EE6DA3FB18D9907300970A22 /* en */,
			);
			name = InfoPlist.strings;
			sourceTree = "<group>";
		};
		EE6DA40318D9907300970A22 /* Main.storyboard */ = {
			isa = PBXVariantGroup;
			children = (
				EE6DA40418D9907300970A22 /* Base */,
			);
			name = Main.storyboard;
			sourceTree = "<group>";
		};
		EE6DA41C18D9907300970A22 /* InfoPlist.strings */ = {
			isa = PBXVariantGroup;
			children = (
				EE6DA41D18D9907300970A22 /* en */,
			);
			name = InfoPlist.strings;
			sourceTree = "<group>";
		};
/* End PBXVariantGroup section */

/* Begin XCBuildConfiguration section */
		EE6DA42118D9907300970A22 /* Debug */ = {
			isa = XCBuildConfiguration;
			buildSettings = {
				ALWAYS_SEARCH_USER_PATHS = NO;
				CLANG_CXX_LANGUAGE_STANDARD = "gnu++0x";
				CLANG_CXX_LIBRARY = "libc++";
				CLANG_ENABLE_MODULES = YES;
				CLANG_ENABLE_OBJC_ARC = YES;
				CLANG_WARN_BOOL_CONVERSION = YES;
				CLANG_WARN_CONSTANT_CONVERSION = YES;
				CLANG_WARN_DIRECT_OBJC_ISA_USAGE = YES_ERROR;
				CLANG_WARN_EMPTY_BODY = YES;
				CLANG_WARN_ENUM_CONVERSION = YES;
				CLANG_WARN_INT_CONVERSION = YES;
				CLANG_WARN_OBJC_ROOT_CLASS = YES_ERROR;
				CLANG_WARN__DUPLICATE_METHOD_MATCH = YES;
				"CODE_SIGN_IDENTITY[sdk=iphoneos*]" = "iPhone Developer";
				COPY_PHASE_STRIP = NO;
				GCC_C_LANGUAGE_STANDARD = gnu99;
				GCC_DYNAMIC_NO_PIC = NO;
				GCC_OPTIMIZATION_LEVEL = 0;
				GCC_PREPROCESSOR_DEFINITIONS = (
					"DEBUG=1",
					"$(inherited)",
				);
				GCC_SYMBOLS_PRIVATE_EXTERN = NO;
				GCC_WARN_64_TO_32_BIT_CONVERSION = YES;
				GCC_WARN_ABOUT_RETURN_TYPE = YES_ERROR;
				GCC_WARN_UNDECLARED_SELECTOR = YES;
				GCC_WARN_UNINITIALIZED_AUTOS = YES_AGGRESSIVE;
				GCC_WARN_UNUSED_FUNCTION = YES;
				GCC_WARN_UNUSED_VARIABLE = YES;
				IPHONEOS_DEPLOYMENT_TARGET = 7.1;
				ONLY_ACTIVE_ARCH = YES;
				SDKROOT = iphoneos;
			};
			name = Debug;
		};
		EE6DA42218D9907300970A22 /* Release */ = {
			isa = XCBuildConfiguration;
			buildSettings = {
				ALWAYS_SEARCH_USER_PATHS = NO;
				CLANG_CXX_LANGUAGE_STANDARD = "gnu++0x";
				CLANG_CXX_LIBRARY = "libc++";
				CLANG_ENABLE_MODULES = YES;
				CLANG_ENABLE_OBJC_ARC = YES;
				CLANG_WARN_BOOL_CONVERSION = YES;
				CLANG_WARN_CONSTANT_CONVERSION = YES;
				CLANG_WARN_DIRECT_OBJC_ISA_USAGE = YES_ERROR;
				CLANG_WARN_EMPTY_BODY = YES;
				CLANG_WARN_ENUM_CONVERSION = YES;
				CLANG_WARN_INT_CONVERSION = YES;
				CLANG_WARN_OBJC_ROOT_CLASS = YES_ERROR;
				CLANG_WARN__DUPLICATE_METHOD_MATCH = YES;
				"CODE_SIGN_IDENTITY[sdk=iphoneos*]" = "iPhone Developer";
				COPY_PHASE_STRIP = YES;
				ENABLE_NS_ASSERTIONS = NO;
				GCC_C_LANGUAGE_STANDARD = gnu99;
				GCC_WARN_64_TO_32_BIT_CONVERSION = YES;
				GCC_WARN_ABOUT_RETURN_TYPE = YES_ERROR;
				GCC_WARN_UNDECLARED_SELECTOR = YES;
				GCC_WARN_UNINITIALIZED_AUTOS = YES_AGGRESSIVE;
				GCC_WARN_UNUSED_FUNCTION = YES;
				GCC_WARN_UNUSED_VARIABLE = YES;
				IPHONEOS_DEPLOYMENT_TARGET = 7.1;
				SDKROOT = iphoneos;
				VALIDATE_PRODUCT = YES;
			};
			name = Release;
		};
		EE6DA42418D9907300970A22 /* Debug */ = {
			isa = XCBuildConfiguration;
			baseConfigurationReference = A12756DFBC1042BF8264EFEC /* Pods.xcconfig */;
			buildSettings = {
				ASSETCATALOG_COMPILER_APPICON_NAME = AppIcon;
				ASSETCATALOG_COMPILER_LAUNCHIMAGE_NAME = LaunchImage;
				GCC_PRECOMPILE_PREFIX_HEADER = YES;
				GCC_PREFIX_HEADER = "HMS/HMS-Prefix.pch";
				INFOPLIST_FILE = "HMS/HMS-Info.plist";
				IPHONEOS_DEPLOYMENT_TARGET = 7.0;
				PRODUCT_NAME = "$(TARGET_NAME)";
				TARGETED_DEVICE_FAMILY = 1;
				WRAPPER_EXTENSION = app;
			};
			name = Debug;
		};
		EE6DA42518D9907300970A22 /* Release */ = {
			isa = XCBuildConfiguration;
			baseConfigurationReference = A12756DFBC1042BF8264EFEC /* Pods.xcconfig */;
			buildSettings = {
				ASSETCATALOG_COMPILER_APPICON_NAME = AppIcon;
				ASSETCATALOG_COMPILER_LAUNCHIMAGE_NAME = LaunchImage;
				GCC_PRECOMPILE_PREFIX_HEADER = YES;
				GCC_PREFIX_HEADER = "HMS/HMS-Prefix.pch";
				INFOPLIST_FILE = "HMS/HMS-Info.plist";
				IPHONEOS_DEPLOYMENT_TARGET = 7.0;
				PRODUCT_NAME = "$(TARGET_NAME)";
				TARGETED_DEVICE_FAMILY = 1;
				WRAPPER_EXTENSION = app;
			};
			name = Release;
		};
		EE6DA42718D9907300970A22 /* Debug */ = {
			isa = XCBuildConfiguration;
			buildSettings = {
				BUNDLE_LOADER = "$(BUILT_PRODUCTS_DIR)/HMS.app/HMS";
				FRAMEWORK_SEARCH_PATHS = (
					"$(SDKROOT)/Developer/Library/Frameworks",
					"$(inherited)",
					"$(DEVELOPER_FRAMEWORKS_DIR)",
				);
				GCC_PRECOMPILE_PREFIX_HEADER = YES;
				GCC_PREFIX_HEADER = "HMS/HMS-Prefix.pch";
				GCC_PREPROCESSOR_DEFINITIONS = (
					"DEBUG=1",
					"$(inherited)",
				);
				INFOPLIST_FILE = "HMSTests/HMSTests-Info.plist";
				PRODUCT_NAME = "$(TARGET_NAME)";
				TEST_HOST = "$(BUNDLE_LOADER)";
				WRAPPER_EXTENSION = xctest;
			};
			name = Debug;
		};
		EE6DA42818D9907300970A22 /* Release */ = {
			isa = XCBuildConfiguration;
			buildSettings = {
				BUNDLE_LOADER = "$(BUILT_PRODUCTS_DIR)/HMS.app/HMS";
				FRAMEWORK_SEARCH_PATHS = (
					"$(SDKROOT)/Developer/Library/Frameworks",
					"$(inherited)",
					"$(DEVELOPER_FRAMEWORKS_DIR)",
				);
				GCC_PRECOMPILE_PREFIX_HEADER = YES;
				GCC_PREFIX_HEADER = "HMS/HMS-Prefix.pch";
				INFOPLIST_FILE = "HMSTests/HMSTests-Info.plist";
				PRODUCT_NAME = "$(TARGET_NAME)";
				TEST_HOST = "$(BUNDLE_LOADER)";
				WRAPPER_EXTENSION = xctest;
			};
			name = Release;
		};
/* End XCBuildConfiguration section */

/* Begin XCConfigurationList section */
		EE6DA3E918D9907300970A22 /* Build configuration list for PBXProject "HMS" */ = {
			isa = XCConfigurationList;
			buildConfigurations = (
				EE6DA42118D9907300970A22 /* Debug */,
				EE6DA42218D9907300970A22 /* Release */,
			);
			defaultConfigurationIsVisible = 0;
			defaultConfigurationName = Release;
		};
		EE6DA42318D9907300970A22 /* Build configuration list for PBXNativeTarget "HMS" */ = {
			isa = XCConfigurationList;
			buildConfigurations = (
				EE6DA42418D9907300970A22 /* Debug */,
				EE6DA42518D9907300970A22 /* Release */,
			);
			defaultConfigurationIsVisible = 0;
			defaultConfigurationName = Release;
		};
		EE6DA42618D9907300970A22 /* Build configuration list for PBXNativeTarget "HMSTests" */ = {
			isa = XCConfigurationList;
			buildConfigurations = (
				EE6DA42718D9907300970A22 /* Debug */,
				EE6DA42818D9907300970A22 /* Release */,
			);
			defaultConfigurationIsVisible = 0;
			defaultConfigurationName = Release;
		};
/* End XCConfigurationList section */
	};
	rootObject = EE6DA3E618D9907300970A22 /* Project object */;
}
